// !$*UTF8*$!
{
	archiveVersion = 1;
	classes = {
	};
	objectVersion = 50;
	objects = {

/* Begin PBXBuildFile section */
		8D34C2637C2370CE9AE6D410 /* libPods-RCTAuroraIMUI.a in Frameworks */ = {isa = PBXBuildFile; fileRef = 9EEB1FF3BEF7BD2586671906 /* libPods-RCTAuroraIMUI.a */; };
		C4027C032536A6ED00D90893 /* RCTMessageListView.xib in Resources */ = {isa = PBXBuildFile; fileRef = C4027C022536A6ED00D90893 /* RCTMessageListView.xib */; };
		C4027C062536A72800D90893 /* IMUIMessageCollectionView.xib in Resources */ = {isa = PBXBuildFile; fileRef = C4027C052536A72800D90893 /* IMUIMessageCollectionView.xib */; };
		C434B7DE253588E700B92717 /* DWText.h in Headers */ = {isa = PBXBuildFile; fileRef = C434B7AC253588E700B92717 /* DWText.h */; };
		C434B7DF253588E700B92717 /* DWTextEffectWindow.m in Sources */ = {isa = PBXBuildFile; fileRef = C434B7AD253588E700B92717 /* DWTextEffectWindow.m */; };
		C434B7E0253588E700B92717 /* DWTextView.m in Sources */ = {isa = PBXBuildFile; fileRef = C434B7AE253588E700B92717 /* DWTextView.m */; };
		C434B7E1253588E700B92717 /* DWTextLayout.h in Headers */ = {isa = PBXBuildFile; fileRef = C434B7AF253588E700B92717 /* DWTextLayout.h */; };
		C434B7E2253588E700B92717 /* DWTextMagnifier.m in Sources */ = {isa = PBXBuildFile; fileRef = C434B7B0253588E700B92717 /* DWTextMagnifier.m */; };
		C434B7E3253588E700B92717 /* DWTextRunDelegate.m in Sources */ = {isa = PBXBuildFile; fileRef = C434B7B1253588E700B92717 /* DWTextRunDelegate.m */; };
		C434B7E4253588E700B92717 /* DWTextKeyboardManager.h in Headers */ = {isa = PBXBuildFile; fileRef = C434B7B2253588E700B92717 /* DWTextKeyboardManager.h */; };
		C434B7E5253588E700B92717 /* DWTextLine.h in Headers */ = {isa = PBXBuildFile; fileRef = C434B7B3253588E700B92717 /* DWTextLine.h */; };
		C434B7E6253588E700B92717 /* DWTextAttribute.h in Headers */ = {isa = PBXBuildFile; fileRef = C434B7B4253588E700B92717 /* DWTextAttribute.h */; };
		C434B7E7253588E700B92717 /* DWTextInput.m in Sources */ = {isa = PBXBuildFile; fileRef = C434B7B5253588E700B92717 /* DWTextInput.m */; };
		C434B7E8253588E700B92717 /* DWTextSelectionView.h in Headers */ = {isa = PBXBuildFile; fileRef = C434B7B6253588E700B92717 /* DWTextSelectionView.h */; };
		C434B7E9253588E700B92717 /* DWTextRubyAnnotation.m in Sources */ = {isa = PBXBuildFile; fileRef = C434B7B7253588E700B92717 /* DWTextRubyAnnotation.m */; };
		C434B7EA253588E700B92717 /* DWTextArchiver.m in Sources */ = {isa = PBXBuildFile; fileRef = C434B7B8253588E700B92717 /* DWTextArchiver.m */; };
		C434B7EB253588E700B92717 /* DWTextParser.m in Sources */ = {isa = PBXBuildFile; fileRef = C434B7B9253588E700B92717 /* DWTextParser.m */; };
		C434B7EC253588E700B92717 /* DWLabel.m in Sources */ = {isa = PBXBuildFile; fileRef = C434B7BA253588E700B92717 /* DWLabel.m */; };
		C434B7ED253588E700B92717 /* DWTextDebugOption.h in Headers */ = {isa = PBXBuildFile; fileRef = C434B7BB253588E700B92717 /* DWTextDebugOption.h */; };
		C434B7EE253588E700B92717 /* DWTextContainerView.m in Sources */ = {isa = PBXBuildFile; fileRef = C434B7BC253588E700B92717 /* DWTextContainerView.m */; };
		C434B7EF253588E700B92717 /* DWTextMagnifier.h in Headers */ = {isa = PBXBuildFile; fileRef = C434B7BD253588E700B92717 /* DWTextMagnifier.h */; };
		C434B7F0253588E700B92717 /* DWTextLayout.m in Sources */ = {isa = PBXBuildFile; fileRef = C434B7BE253588E700B92717 /* DWTextLayout.m */; };
		C434B7F1253588E700B92717 /* DWTextView.h in Headers */ = {isa = PBXBuildFile; fileRef = C434B7BF253588E700B92717 /* DWTextView.h */; };
		C434B7F2253588E700B92717 /* DWTextEffectWindow.h in Headers */ = {isa = PBXBuildFile; fileRef = C434B7C0253588E700B92717 /* DWTextEffectWindow.h */; };
		C434B7F3253588E700B92717 /* DWTextAttribute.m in Sources */ = {isa = PBXBuildFile; fileRef = C434B7C1253588E700B92717 /* DWTextAttribute.m */; };
		C434B7F4253588E700B92717 /* DWTextLine.m in Sources */ = {isa = PBXBuildFile; fileRef = C434B7C2253588E700B92717 /* DWTextLine.m */; };
		C434B7F5253588E700B92717 /* DWTextKeyboardManager.m in Sources */ = {isa = PBXBuildFile; fileRef = C434B7C3253588E700B92717 /* DWTextKeyboardManager.m */; };
		C434B7F6253588E700B92717 /* DWTextRunDelegate.h in Headers */ = {isa = PBXBuildFile; fileRef = C434B7C4253588E700B92717 /* DWTextRunDelegate.h */; };
		C434B7F7253588E700B92717 /* DWTextArchiver.h in Headers */ = {isa = PBXBuildFile; fileRef = C434B7C5253588E700B92717 /* DWTextArchiver.h */; };
		C434B7F8253588E700B92717 /* DWTextParser.h in Headers */ = {isa = PBXBuildFile; fileRef = C434B7C6253588E700B92717 /* DWTextParser.h */; };
		C434B7F9253588E700B92717 /* DWTextRubyAnnotation.h in Headers */ = {isa = PBXBuildFile; fileRef = C434B7C7253588E700B92717 /* DWTextRubyAnnotation.h */; };
		C434B7FA253588E700B92717 /* DWTextSelectionView.m in Sources */ = {isa = PBXBuildFile; fileRef = C434B7C8253588E700B92717 /* DWTextSelectionView.m */; };
		C434B7FB253588E700B92717 /* DWTextInput.h in Headers */ = {isa = PBXBuildFile; fileRef = C434B7C9253588E700B92717 /* DWTextInput.h */; };
		C434B7FC253588E700B92717 /* DWTextContainerView.h in Headers */ = {isa = PBXBuildFile; fileRef = C434B7CA253588E700B92717 /* DWTextContainerView.h */; };
		C434B7FD253588E700B92717 /* DWLabel.h in Headers */ = {isa = PBXBuildFile; fileRef = C434B7CB253588E700B92717 /* DWLabel.h */; };
		C434B7FE253588E700B92717 /* DWTextDebugOption.m in Sources */ = {isa = PBXBuildFile; fileRef = C434B7CC253588E700B92717 /* DWTextDebugOption.m */; };
		C434B7FF253588E700B92717 /* DWTextAsyncLayer.m in Sources */ = {isa = PBXBuildFile; fileRef = C434B7CE253588E700B92717 /* DWTextAsyncLayer.m */; };
		C434B800253588E700B92717 /* DWTextUtilities.m in Sources */ = {isa = PBXBuildFile; fileRef = C434B7CF253588E700B92717 /* DWTextUtilities.m */; };
		C434B801253588E700B92717 /* UIView+DWText.h in Headers */ = {isa = PBXBuildFile; fileRef = C434B7D0253588E700B92717 /* UIView+DWText.h */; };
		C434B802253588E700B92717 /* NSAttributedString+DWText.m in Sources */ = {isa = PBXBuildFile; fileRef = C434B7D1253588E700B92717 /* NSAttributedString+DWText.m */; };
		C434B803253588E700B92717 /* DWTextTransaction.h in Headers */ = {isa = PBXBuildFile; fileRef = C434B7D2253588E700B92717 /* DWTextTransaction.h */; };
		C434B804253588E700B92717 /* NSParagraphStyle+DWText.m in Sources */ = {isa = PBXBuildFile; fileRef = C434B7D3253588E700B92717 /* NSParagraphStyle+DWText.m */; };
		C434B805253588E700B92717 /* UIPasteboard+DWText.m in Sources */ = {isa = PBXBuildFile; fileRef = C434B7D4253588E700B92717 /* UIPasteboard+DWText.m */; };
		C434B806253588E700B92717 /* DWTextWeakProxy.h in Headers */ = {isa = PBXBuildFile; fileRef = C434B7D5253588E700B92717 /* DWTextWeakProxy.h */; };
		C434B807253588E700B92717 /* DWTextAsyncLayer.h in Headers */ = {isa = PBXBuildFile; fileRef = C434B7D6253588E700B92717 /* DWTextAsyncLayer.h */; };
		C434B808253588E700B92717 /* DWTextUtilities.h in Headers */ = {isa = PBXBuildFile; fileRef = C434B7D7253588E700B92717 /* DWTextUtilities.h */; };
		C434B809253588E700B92717 /* NSParagraphStyle+DWText.h in Headers */ = {isa = PBXBuildFile; fileRef = C434B7D8253588E700B92717 /* NSParagraphStyle+DWText.h */; };
		C434B80A253588E700B92717 /* DWTextTransaction.m in Sources */ = {isa = PBXBuildFile; fileRef = C434B7D9253588E700B92717 /* DWTextTransaction.m */; };
		C434B80B253588E700B92717 /* NSAttributedString+DWText.h in Headers */ = {isa = PBXBuildFile; fileRef = C434B7DA253588E700B92717 /* NSAttributedString+DWText.h */; };
		C434B80C253588E700B92717 /* UIView+DWText.m in Sources */ = {isa = PBXBuildFile; fileRef = C434B7DB253588E700B92717 /* UIView+DWText.m */; };
		C434B80D253588E700B92717 /* DWTextWeakProxy.m in Sources */ = {isa = PBXBuildFile; fileRef = C434B7DC253588E700B92717 /* DWTextWeakProxy.m */; };
		C434B80E253588E700B92717 /* UIPasteboard+DWText.h in Headers */ = {isa = PBXBuildFile; fileRef = C434B7DD253588E700B92717 /* UIPasteboard+DWText.h */; };
		C498124C253553EB008B2B61 /* RCTAuroraIMUI.h in Headers */ = {isa = PBXBuildFile; fileRef = C498124A253553EB008B2B61 /* RCTAuroraIMUI.h */; settings = {ATTRIBUTES = (Public, ); }; };
		C49812D62535544F008B2B61 /* NIMInputAtCache.h in Headers */ = {isa = PBXBuildFile; fileRef = C49812552535544F008B2B61 /* NIMInputAtCache.h */; };
		C49812D72535544F008B2B61 /* HPTextViewInternal.h in Headers */ = {isa = PBXBuildFile; fileRef = C49812562535544F008B2B61 /* HPTextViewInternal.h */; };
		C49812D82535544F008B2B61 /* UIView+Extend.m in Sources */ = {isa = PBXBuildFile; fileRef = C49812582535544F008B2B61 /* UIView+Extend.m */; };
		C49812D92535544F008B2B61 /* UIImage+DWImageColor.m in Sources */ = {isa = PBXBuildFile; fileRef = C49812592535544F008B2B61 /* UIImage+DWImageColor.m */; };
		C49812DA2535544F008B2B61 /* UIView+Extend.h in Headers */ = {isa = PBXBuildFile; fileRef = C498125A2535544F008B2B61 /* UIView+Extend.h */; };
		C49812DB2535544F008B2B61 /* UIImage+DWImageColor.h in Headers */ = {isa = PBXBuildFile; fileRef = C498125B2535544F008B2B61 /* UIImage+DWImageColor.h */; };
		C49812DC2535544F008B2B61 /* HPGrowingTextView.m in Sources */ = {isa = PBXBuildFile; fileRef = C498125C2535544F008B2B61 /* HPGrowingTextView.m */; };
		C49812DD2535544F008B2B61 /* DWAudioRecorderManager.m in Sources */ = {isa = PBXBuildFile; fileRef = C498125D2535544F008B2B61 /* DWAudioRecorderManager.m */; };
		C49812DE2535544F008B2B61 /* DWInputBarControl.m in Sources */ = {isa = PBXBuildFile; fileRef = C498125E2535544F008B2B61 /* DWInputBarControl.m */; };
		C49812DF2535544F008B2B61 /* DWRecordButton.h in Headers */ = {isa = PBXBuildFile; fileRef = C498125F2535544F008B2B61 /* DWRecordButton.h */; };
		C49812E02535544F008B2B61 /* HPTextViewInternal.m in Sources */ = {isa = PBXBuildFile; fileRef = C49812602535544F008B2B61 /* HPTextViewInternal.m */; };
		C49812E12535544F008B2B61 /* NIMInputAtCache.m in Sources */ = {isa = PBXBuildFile; fileRef = C49812612535544F008B2B61 /* NIMInputAtCache.m */; };
		C49812E22535544F008B2B61 /* HPGrowingTextView.h in Headers */ = {isa = PBXBuildFile; fileRef = C49812622535544F008B2B61 /* HPGrowingTextView.h */; };
		C49812E32535544F008B2B61 /* DWRecordButton.m in Sources */ = {isa = PBXBuildFile; fileRef = C49812632535544F008B2B61 /* DWRecordButton.m */; };
		C49812E42535544F008B2B61 /* DWInputBarControl.h in Headers */ = {isa = PBXBuildFile; fileRef = C49812642535544F008B2B61 /* DWInputBarControl.h */; };
		C49812E52535544F008B2B61 /* DWAudioRecorderManager.h in Headers */ = {isa = PBXBuildFile; fileRef = C49812652535544F008B2B61 /* DWAudioRecorderManager.h */; };
		C49812E62535544F008B2B61 /* NIMInputEmoticonParser.m in Sources */ = {isa = PBXBuildFile; fileRef = C49812672535544F008B2B61 /* NIMInputEmoticonParser.m */; };
		C49812E72535544F008B2B61 /* NIMPageView.h in Headers */ = {isa = PBXBuildFile; fileRef = C49812682535544F008B2B61 /* NIMPageView.h */; };
		C49812E82535544F008B2B61 /* NIMInputEmoticonManager.h in Headers */ = {isa = PBXBuildFile; fileRef = C49812692535544F008B2B61 /* NIMInputEmoticonManager.h */; };
		C49812E92535544F008B2B61 /* UIImage+NIM.m in Sources */ = {isa = PBXBuildFile; fileRef = C498126A2535544F008B2B61 /* UIImage+NIM.m */; };
		C49812EA2535544F008B2B61 /* NIMInputEmoticonTabView.m in Sources */ = {isa = PBXBuildFile; fileRef = C498126B2535544F008B2B61 /* NIMInputEmoticonTabView.m */; };
		C49812EB2535544F008B2B61 /* NIMInputEmoticonButton.h in Headers */ = {isa = PBXBuildFile; fileRef = C498126C2535544F008B2B61 /* NIMInputEmoticonButton.h */; };
		C49812EC2535544F008B2B61 /* NIMInputEmoticonContainerView.h in Headers */ = {isa = PBXBuildFile; fileRef = C498126D2535544F008B2B61 /* NIMInputEmoticonContainerView.h */; };
		C49812ED2535544F008B2B61 /* NSString+NIMKit.m in Sources */ = {isa = PBXBuildFile; fileRef = C498126E2535544F008B2B61 /* NSString+NIMKit.m */; };
		C49812EE2535544F008B2B61 /* NIMInputEmoticonManager.m in Sources */ = {isa = PBXBuildFile; fileRef = C498126F2535544F008B2B61 /* NIMInputEmoticonManager.m */; };
		C49812EF2535544F008B2B61 /* NIMPageView.m in Sources */ = {isa = PBXBuildFile; fileRef = C49812702535544F008B2B61 /* NIMPageView.m */; };
		C49812F02535544F008B2B61 /* NIMInputEmoticonParser.h in Headers */ = {isa = PBXBuildFile; fileRef = C49812712535544F008B2B61 /* NIMInputEmoticonParser.h */; };
		C49812F12535544F008B2B61 /* NIMInputEmoticonDefine.h in Headers */ = {isa = PBXBuildFile; fileRef = C49812722535544F008B2B61 /* NIMInputEmoticonDefine.h */; };
		C49812F22535544F008B2B61 /* NSString+NIMKit.h in Headers */ = {isa = PBXBuildFile; fileRef = C49812732535544F008B2B61 /* NSString+NIMKit.h */; };
		C49812F32535544F008B2B61 /* NIMInputEmoticonContainerView.m in Sources */ = {isa = PBXBuildFile; fileRef = C49812742535544F008B2B61 /* NIMInputEmoticonContainerView.m */; };
		C49812F42535544F008B2B61 /* NIMInputEmoticonButton.m in Sources */ = {isa = PBXBuildFile; fileRef = C49812752535544F008B2B61 /* NIMInputEmoticonButton.m */; };
		C49812F52535544F008B2B61 /* NIMInputEmoticonTabView.h in Headers */ = {isa = PBXBuildFile; fileRef = C49812762535544F008B2B61 /* NIMInputEmoticonTabView.h */; };
		C49812F62535544F008B2B61 /* UIImage+NIM.h in Headers */ = {isa = PBXBuildFile; fileRef = C49812772535544F008B2B61 /* UIImage+NIM.h */; };
		C49812F72535544F008B2B61 /* MyMessageModel.swift in Sources */ = {isa = PBXBuildFile; fileRef = C49812792535544F008B2B61 /* MyMessageModel.swift */; };
		C49812F82535544F008B2B61 /* UIColorExtension.swift in Sources */ = {isa = PBXBuildFile; fileRef = C498127C2535544F008B2B61 /* UIColorExtension.swift */; };
		C49812F92535544F008B2B61 /* CMSampleBufferExtension.swift in Sources */ = {isa = PBXBuildFile; fileRef = C498127D2535544F008B2B61 /* CMSampleBufferExtension.swift */; };
		C49812FA2535544F008B2B61 /* CIImageExtension.swift in Sources */ = {isa = PBXBuildFile; fileRef = C498127E2535544F008B2B61 /* CIImageExtension.swift */; };
		C49812FB2535544F008B2B61 /* UIViewExtension.swift in Sources */ = {isa = PBXBuildFile; fileRef = C498127F2535544F008B2B61 /* UIViewExtension.swift */; };
		C49812FC2535544F008B2B61 /* CGRectExtension.swift in Sources */ = {isa = PBXBuildFile; fileRef = C49812802535544F008B2B61 /* CGRectExtension.swift */; };
		C49812FD2535544F008B2B61 /* StringExtension.swift in Sources */ = {isa = PBXBuildFile; fileRef = C49812812535544F008B2B61 /* StringExtension.swift */; };
		C49812FE2535544F008B2B61 /* UIImageExtension.swift in Sources */ = {isa = PBXBuildFile; fileRef = C49812822535544F008B2B61 /* UIImageExtension.swift */; };
		C49812FF2535544F008B2B61 /* DateExtension.swift in Sources */ = {isa = PBXBuildFile; fileRef = C49812832535544F008B2B61 /* DateExtension.swift */; };
		C49813002535544F008B2B61 /* IMUIAudioPlayerHelper.swift in Sources */ = {isa = PBXBuildFile; fileRef = C49812852535544F008B2B61 /* IMUIAudioPlayerHelper.swift */; };
		C49813012535544F008B2B61 /* MyUser.swift in Sources */ = {isa = PBXBuildFile; fileRef = C49812862535544F008B2B61 /* MyUser.swift */; };
		C49813022535544F008B2B61 /* IMUI.h in Headers */ = {isa = PBXBuildFile; fileRef = C49812882535544F008B2B61 /* IMUI.h */; };
		C49813032535544F008B2B61 /* BundleMessageListExtension.swift in Sources */ = {isa = PBXBuildFile; fileRef = C498128A2535544F008B2B61 /* BundleMessageListExtension.swift */; };
		C49813042535544F008B2B61 /* UIImageMessageListExtension.swift in Sources */ = {isa = PBXBuildFile; fileRef = C498128B2535544F008B2B61 /* UIImageMessageListExtension.swift */; };
		C49813052535544F008B2B61 /* IMUIMessageCellLayout.swift in Sources */ = {isa = PBXBuildFile; fileRef = C498128D2535544F008B2B61 /* IMUIMessageCellLayout.swift */; };
		C49813062535544F008B2B61 /* IMUIMessageModel.swift in Sources */ = {isa = PBXBuildFile; fileRef = C498128F2535544F008B2B61 /* IMUIMessageModel.swift */; };
		C49813072535544F008B2B61 /* IMUIViewCache.swift in Sources */ = {isa = PBXBuildFile; fileRef = C49812902535544F008B2B61 /* IMUIViewCache.swift */; };
		C49813082535544F008B2B61 /* IMUIReuseViewCache.swift in Sources */ = {isa = PBXBuildFile; fileRef = C49812912535544F008B2B61 /* IMUIReuseViewCache.swift */; };
		C49813092535544F008B2B61 /* IMUIUserProtocol.swift in Sources */ = {isa = PBXBuildFile; fileRef = C49812932535544F008B2B61 /* IMUIUserProtocol.swift */; };
		C498130A2535544F008B2B61 /* IMUIMessageMessageCollectionViewDelegate.swift in Sources */ = {isa = PBXBuildFile; fileRef = C49812942535544F008B2B61 /* IMUIMessageMessageCollectionViewDelegate.swift */; };
		C498130B2535544F008B2B61 /* IMUIMessageStatusViewProtocal.swift in Sources */ = {isa = PBXBuildFile; fileRef = C49812952535544F008B2B61 /* IMUIMessageStatusViewProtocal.swift */; };
		C498130C2535544F008B2B61 /* IMUIMessageCellProtocal.swift in Sources */ = {isa = PBXBuildFile; fileRef = C49812962535544F008B2B61 /* IMUIMessageCellProtocal.swift */; };
		C498130D2535544F008B2B61 /* IMUIMessageCellLayoutProtocal.swift in Sources */ = {isa = PBXBuildFile; fileRef = C49812972535544F008B2B61 /* IMUIMessageCellLayoutProtocal.swift */; };
		C498130E2535544F008B2B61 /* IMUIMessageModelProtocol.swift in Sources */ = {isa = PBXBuildFile; fileRef = C49812982535544F008B2B61 /* IMUIMessageModelProtocol.swift */; };
		C498130F2535544F008B2B61 /* IMUIChatDataManager.swift in Sources */ = {isa = PBXBuildFile; fileRef = C498129A2535544F008B2B61 /* IMUIChatDataManager.swift */; };
		C49813102535544F008B2B61 /* IMUIVideoFileLoader.swift in Sources */ = {isa = PBXBuildFile; fileRef = C498129B2535544F008B2B61 /* IMUIVideoFileLoader.swift */; };
		C49813112535544F008B2B61 /* IMUIChatLayout.swift in Sources */ = {isa = PBXBuildFile; fileRef = C498129C2535544F008B2B61 /* IMUIChatLayout.swift */; };
		C49813122535544F008B2B61 /* IMUIMessageStatusView.swift in Sources */ = {isa = PBXBuildFile; fileRef = C498129E2535544F008B2B61 /* IMUIMessageStatusView.swift */; };
		C49813132535544F008B2B61 /* IMUIMessageCollectionView.swift in Sources */ = {isa = PBXBuildFile; fileRef = C498129F2535544F008B2B61 /* IMUIMessageCollectionView.swift */; };
		C49813142535544F008B2B61 /* IMUICustomMessageContentCell.swift in Sources */ = {isa = PBXBuildFile; fileRef = C49812A02535544F008B2B61 /* IMUICustomMessageContentCell.swift */; };
		C49813152535544F008B2B61 /* IMUILocationMessageCell.swift in Sources */ = {isa = PBXBuildFile; fileRef = C49812A12535544F008B2B61 /* IMUILocationMessageCell.swift */; };
		C49813162535544F008B2B61 /* IMUIMessageBubbleView.swift in Sources */ = {isa = PBXBuildFile; fileRef = C49812A22535544F008B2B61 /* IMUIMessageBubbleView.swift */; };
		C49813172535544F008B2B61 /* IMUITextView.swift in Sources */ = {isa = PBXBuildFile; fileRef = C49812A32535544F008B2B61 /* IMUITextView.swift */; };
		C49813182535544F008B2B61 /* IMUIBaseMessageHeadCell.swift in Sources */ = {isa = PBXBuildFile; fileRef = C49812A42535544F008B2B61 /* IMUIBaseMessageHeadCell.swift */; };
		C49813192535544F008B2B61 /* IMUIRedPacketMessageCell.swift in Sources */ = {isa = PBXBuildFile; fileRef = C49812A52535544F008B2B61 /* IMUIRedPacketMessageCell.swift */; };
		C498131A2535544F008B2B61 /* IMUICardMessageCell.swift in Sources */ = {isa = PBXBuildFile; fileRef = C49812A62535544F008B2B61 /* IMUICardMessageCell.swift */; };
		C498131B2535544F008B2B61 /* IMUIVideoMessageCell.swift in Sources */ = {isa = PBXBuildFile; fileRef = C49812A72535544F008B2B61 /* IMUIVideoMessageCell.swift */; };
		C498131D2535544F008B2B61 /* IMUITextMessageCell.swift in Sources */ = {isa = PBXBuildFile; fileRef = C49812A92535544F008B2B61 /* IMUITextMessageCell.swift */; };
		C498131E2535544F008B2B61 /* IMUIImageMessageCell.swift in Sources */ = {isa = PBXBuildFile; fileRef = C49812AA2535544F008B2B61 /* IMUIImageMessageCell.swift */; };
		C498131F2535544F008B2B61 /* IMUIVoiceMessageCell.swift in Sources */ = {isa = PBXBuildFile; fileRef = C49812AB2535544F008B2B61 /* IMUIVoiceMessageCell.swift */; };
		C49813202535544F008B2B61 /* IMUITransferMessageCell.swift in Sources */ = {isa = PBXBuildFile; fileRef = C49812AC2535544F008B2B61 /* IMUITransferMessageCell.swift */; };
		C49813212535544F008B2B61 /* IMUIUnKnownMessageCell.swift in Sources */ = {isa = PBXBuildFile; fileRef = C49812AD2535544F008B2B61 /* IMUIUnKnownMessageCell.swift */; };
		C49813222535544F008B2B61 /* IMUIRedPacketOpenMessageCell.swift in Sources */ = {isa = PBXBuildFile; fileRef = C49812AE2535544F008B2B61 /* IMUIRedPacketOpenMessageCell.swift */; };
		C49813232535544F008B2B61 /* IMUIBaseMessageCell.swift in Sources */ = {isa = PBXBuildFile; fileRef = C49812AF2535544F008B2B61 /* IMUIBaseMessageCell.swift */; };
		C49813242535544F008B2B61 /* IMUILiveVideoMessageCell.swift in Sources */ = {isa = PBXBuildFile; fileRef = C49812B02535544F008B2B61 /* IMUILiveVideoMessageCell.swift */; };
		C49813252535544F008B2B61 /* IMUINotificationMessageCell.swift in Sources */ = {isa = PBXBuildFile; fileRef = C49812B12535544F008B2B61 /* IMUINotificationMessageCell.swift */; };
		C49813282535544F008B2B61 /* RCTMessageListViewManager.m in Sources */ = {isa = PBXBuildFile; fileRef = C49812B62535544F008B2B61 /* RCTMessageListViewManager.m */; };
		C49813292535544F008B2B61 /* RCTMessageListView.m in Sources */ = {isa = PBXBuildFile; fileRef = C49812B72535544F008B2B61 /* RCTMessageListView.m */; };
		C498132A2535544F008B2B61 /* RCTAuroraIMUIModule.m in Sources */ = {isa = PBXBuildFile; fileRef = C49812B82535544F008B2B61 /* RCTAuroraIMUIModule.m */; };
		C498132B2535544F008B2B61 /* RCTMessageListView.h in Headers */ = {isa = PBXBuildFile; fileRef = C49812B92535544F008B2B61 /* RCTMessageListView.h */; settings = {ATTRIBUTES = (Public, ); }; };
		C498132C2535544F008B2B61 /* RCTAuroraIMUIModule.h in Headers */ = {isa = PBXBuildFile; fileRef = C49812BA2535544F008B2B61 /* RCTAuroraIMUIModule.h */; settings = {ATTRIBUTES = (Public, ); }; };
		C498132D2535544F008B2B61 /* DWPlayVideoVC.h in Headers */ = {isa = PBXBuildFile; fileRef = C49812BC2535544F008B2B61 /* DWPlayVideoVC.h */; };
		C498132E2535544F008B2B61 /* DWShowImageVC.m in Sources */ = {isa = PBXBuildFile; fileRef = C49812BD2535544F008B2B61 /* DWShowImageVC.m */; };
		C498132F2535544F008B2B61 /* DWPlayVideoVC.m in Sources */ = {isa = PBXBuildFile; fileRef = C49812BE2535544F008B2B61 /* DWPlayVideoVC.m */; };
		C49813302535544F008B2B61 /* DWShowImageVC.h in Headers */ = {isa = PBXBuildFile; fileRef = C49812BF2535544F008B2B61 /* DWShowImageVC.h */; };
		C49813312535544F008B2B61 /* DWOrigImageView.m in Sources */ = {isa = PBXBuildFile; fileRef = C49812C12535544F008B2B61 /* DWOrigImageView.m */; };
		C49813322535544F008B2B61 /* DWOrigImgView.h in Headers */ = {isa = PBXBuildFile; fileRef = C49812C22535544F008B2B61 /* DWOrigImgView.h */; };
		C49813342535544F008B2B61 /* RNCustomInputView.m in Sources */ = {isa = PBXBuildFile; fileRef = C49812C42535544F008B2B61 /* RNCustomInputView.m */; };
		C49813352535544F008B2B61 /* DWActionSheetView.h in Headers */ = {isa = PBXBuildFile; fileRef = C49812C52535544F008B2B61 /* DWActionSheetView.h */; };
		C49813372535544F008B2B61 /* DWRecoderCoveView.m in Sources */ = {isa = PBXBuildFile; fileRef = C49812C72535544F008B2B61 /* DWRecoderCoveView.m */; };
		C49813382535544F008B2B61 /* DWOrigScorllView.h in Headers */ = {isa = PBXBuildFile; fileRef = C49812C82535544F008B2B61 /* DWOrigScorllView.h */; };
		C49813392535544F008B2B61 /* RNRecordTipsView.h in Headers */ = {isa = PBXBuildFile; fileRef = C49812C92535544F008B2B61 /* RNRecordTipsView.h */; };
		C498133A2535544F008B2B61 /* DWOrigImgView.m in Sources */ = {isa = PBXBuildFile; fileRef = C49812CA2535544F008B2B61 /* DWOrigImgView.m */; };
		C498133B2535544F008B2B61 /* DWOrigImageView.h in Headers */ = {isa = PBXBuildFile; fileRef = C49812CB2535544F008B2B61 /* DWOrigImageView.h */; };
		C498133D2535544F008B2B61 /* DWRecoderCoveView.h in Headers */ = {isa = PBXBuildFile; fileRef = C49812CD2535544F008B2B61 /* DWRecoderCoveView.h */; };
		C498133F2535544F008B2B61 /* DWActionSheetView.m in Sources */ = {isa = PBXBuildFile; fileRef = C49812CF2535544F008B2B61 /* DWActionSheetView.m */; };
		C49813402535544F008B2B61 /* RNCustomInputView.h in Headers */ = {isa = PBXBuildFile; fileRef = C49812D02535544F008B2B61 /* RNCustomInputView.h */; settings = {ATTRIBUTES = (Public, ); }; };
		C49813412535544F008B2B61 /* RNRecordTipsView.m in Sources */ = {isa = PBXBuildFile; fileRef = C49812D12535544F008B2B61 /* RNRecordTipsView.m */; };
		C49813422535544F008B2B61 /* DWOrigScorllView.m in Sources */ = {isa = PBXBuildFile; fileRef = C49812D22535544F008B2B61 /* DWOrigScorllView.m */; };
		C49813432535544F008B2B61 /* OCBridgingHeader.h in Headers */ = {isa = PBXBuildFile; fileRef = C49812D42535544F008B2B61 /* OCBridgingHeader.h */; };
		C4981362253557AF008B2B61 /* MenuPopOverView.h in Headers */ = {isa = PBXBuildFile; fileRef = C498135E253557AE008B2B61 /* MenuPopOverView.h */; settings = {ATTRIBUTES = (Public, ); }; };
		C4981363253557AF008B2B61 /* MyCacheImageView.h in Headers */ = {isa = PBXBuildFile; fileRef = C498135F253557AE008B2B61 /* MyCacheImageView.h */; };
		C4981364253557AF008B2B61 /* MenuPopOverView.m in Sources */ = {isa = PBXBuildFile; fileRef = C4981360253557AF008B2B61 /* MenuPopOverView.m */; };
		C4981365253557AF008B2B61 /* MyCacheImageView.m in Sources */ = {isa = PBXBuildFile; fileRef = C4981361253557AF008B2B61 /* MyCacheImageView.m */; };
/* End PBXBuildFile section */

/* Begin PBXFileReference section */
		3666DCC7238404DCD7B9D5FE /* Pods-RCTAuroraIMUI.release.xcconfig */ = {isa = PBXFileReference; includeInIndex = 1; lastKnownFileType = text.xcconfig; name = "Pods-RCTAuroraIMUI.release.xcconfig"; path = "../../../ios/Pods/Target Support Files/Pods-RCTAuroraIMUI/Pods-RCTAuroraIMUI.release.xcconfig"; sourceTree = "<group>"; };
		6ADCA3590CE27D3398E86EE3 /* Pods-RCTAuroraIMUI.debug.xcconfig */ = {isa = PBXFileReference; includeInIndex = 1; lastKnownFileType = text.xcconfig; name = "Pods-RCTAuroraIMUI.debug.xcconfig"; path = "../../../ios/Pods/Target Support Files/Pods-RCTAuroraIMUI/Pods-RCTAuroraIMUI.debug.xcconfig"; sourceTree = "<group>"; };
		9EEB1FF3BEF7BD2586671906 /* libPods-RCTAuroraIMUI.a */ = {isa = PBXFileReference; explicitFileType = archive.ar; includeInIndex = 0; path = "libPods-RCTAuroraIMUI.a"; sourceTree = BUILT_PRODUCTS_DIR; };
		C4027C022536A6ED00D90893 /* RCTMessageListView.xib */ = {isa = PBXFileReference; fileEncoding = 4; lastKnownFileType = file.xib; path = RCTMessageListView.xib; sourceTree = "<group>"; };
		C4027C052536A72800D90893 /* IMUIMessageCollectionView.xib */ = {isa = PBXFileReference; fileEncoding = 4; lastKnownFileType = file.xib; path = IMUIMessageCollectionView.xib; sourceTree = "<group>"; };
		C434B7AC253588E700B92717 /* DWText.h */ = {isa = PBXFileReference; fileEncoding = 4; lastKnownFileType = sourcecode.c.h; path = DWText.h; sourceTree = "<group>"; };
		C434B7AD253588E700B92717 /* DWTextEffectWindow.m */ = {isa = PBXFileReference; fileEncoding = 4; lastKnownFileType = sourcecode.c.objc; path = DWTextEffectWindow.m; sourceTree = "<group>"; };
		C434B7AE253588E700B92717 /* DWTextView.m */ = {isa = PBXFileReference; fileEncoding = 4; lastKnownFileType = sourcecode.c.objc; path = DWTextView.m; sourceTree = "<group>"; };
		C434B7AF253588E700B92717 /* DWTextLayout.h */ = {isa = PBXFileReference; fileEncoding = 4; lastKnownFileType = sourcecode.c.h; path = DWTextLayout.h; sourceTree = "<group>"; };
		C434B7B0253588E700B92717 /* DWTextMagnifier.m */ = {isa = PBXFileReference; fileEncoding = 4; lastKnownFileType = sourcecode.c.objc; path = DWTextMagnifier.m; sourceTree = "<group>"; };
		C434B7B1253588E700B92717 /* DWTextRunDelegate.m */ = {isa = PBXFileReference; fileEncoding = 4; lastKnownFileType = sourcecode.c.objc; path = DWTextRunDelegate.m; sourceTree = "<group>"; };
		C434B7B2253588E700B92717 /* DWTextKeyboardManager.h */ = {isa = PBXFileReference; fileEncoding = 4; lastKnownFileType = sourcecode.c.h; path = DWTextKeyboardManager.h; sourceTree = "<group>"; };
		C434B7B3253588E700B92717 /* DWTextLine.h */ = {isa = PBXFileReference; fileEncoding = 4; lastKnownFileType = sourcecode.c.h; path = DWTextLine.h; sourceTree = "<group>"; };
		C434B7B4253588E700B92717 /* DWTextAttribute.h */ = {isa = PBXFileReference; fileEncoding = 4; lastKnownFileType = sourcecode.c.h; path = DWTextAttribute.h; sourceTree = "<group>"; };
		C434B7B5253588E700B92717 /* DWTextInput.m */ = {isa = PBXFileReference; fileEncoding = 4; lastKnownFileType = sourcecode.c.objc; path = DWTextInput.m; sourceTree = "<group>"; };
		C434B7B6253588E700B92717 /* DWTextSelectionView.h */ = {isa = PBXFileReference; fileEncoding = 4; lastKnownFileType = sourcecode.c.h; path = DWTextSelectionView.h; sourceTree = "<group>"; };
		C434B7B7253588E700B92717 /* DWTextRubyAnnotation.m */ = {isa = PBXFileReference; fileEncoding = 4; lastKnownFileType = sourcecode.c.objc; path = DWTextRubyAnnotation.m; sourceTree = "<group>"; };
		C434B7B8253588E700B92717 /* DWTextArchiver.m */ = {isa = PBXFileReference; fileEncoding = 4; lastKnownFileType = sourcecode.c.objc; path = DWTextArchiver.m; sourceTree = "<group>"; };
		C434B7B9253588E700B92717 /* DWTextParser.m */ = {isa = PBXFileReference; fileEncoding = 4; lastKnownFileType = sourcecode.c.objc; path = DWTextParser.m; sourceTree = "<group>"; };
		C434B7BA253588E700B92717 /* DWLabel.m */ = {isa = PBXFileReference; fileEncoding = 4; lastKnownFileType = sourcecode.c.objc; path = DWLabel.m; sourceTree = "<group>"; };
		C434B7BB253588E700B92717 /* DWTextDebugOption.h */ = {isa = PBXFileReference; fileEncoding = 4; lastKnownFileType = sourcecode.c.h; path = DWTextDebugOption.h; sourceTree = "<group>"; };
		C434B7BC253588E700B92717 /* DWTextContainerView.m */ = {isa = PBXFileReference; fileEncoding = 4; lastKnownFileType = sourcecode.c.objc; path = DWTextContainerView.m; sourceTree = "<group>"; };
		C434B7BD253588E700B92717 /* DWTextMagnifier.h */ = {isa = PBXFileReference; fileEncoding = 4; lastKnownFileType = sourcecode.c.h; path = DWTextMagnifier.h; sourceTree = "<group>"; };
		C434B7BE253588E700B92717 /* DWTextLayout.m */ = {isa = PBXFileReference; fileEncoding = 4; lastKnownFileType = sourcecode.c.objc; path = DWTextLayout.m; sourceTree = "<group>"; };
		C434B7BF253588E700B92717 /* DWTextView.h */ = {isa = PBXFileReference; fileEncoding = 4; lastKnownFileType = sourcecode.c.h; path = DWTextView.h; sourceTree = "<group>"; };
		C434B7C0253588E700B92717 /* DWTextEffectWindow.h */ = {isa = PBXFileReference; fileEncoding = 4; lastKnownFileType = sourcecode.c.h; path = DWTextEffectWindow.h; sourceTree = "<group>"; };
		C434B7C1253588E700B92717 /* DWTextAttribute.m */ = {isa = PBXFileReference; fileEncoding = 4; lastKnownFileType = sourcecode.c.objc; path = DWTextAttribute.m; sourceTree = "<group>"; };
		C434B7C2253588E700B92717 /* DWTextLine.m */ = {isa = PBXFileReference; fileEncoding = 4; lastKnownFileType = sourcecode.c.objc; path = DWTextLine.m; sourceTree = "<group>"; };
		C434B7C3253588E700B92717 /* DWTextKeyboardManager.m */ = {isa = PBXFileReference; fileEncoding = 4; lastKnownFileType = sourcecode.c.objc; path = DWTextKeyboardManager.m; sourceTree = "<group>"; };
		C434B7C4253588E700B92717 /* DWTextRunDelegate.h */ = {isa = PBXFileReference; fileEncoding = 4; lastKnownFileType = sourcecode.c.h; path = DWTextRunDelegate.h; sourceTree = "<group>"; };
		C434B7C5253588E700B92717 /* DWTextArchiver.h */ = {isa = PBXFileReference; fileEncoding = 4; lastKnownFileType = sourcecode.c.h; path = DWTextArchiver.h; sourceTree = "<group>"; };
		C434B7C6253588E700B92717 /* DWTextParser.h */ = {isa = PBXFileReference; fileEncoding = 4; lastKnownFileType = sourcecode.c.h; path = DWTextParser.h; sourceTree = "<group>"; };
		C434B7C7253588E700B92717 /* DWTextRubyAnnotation.h */ = {isa = PBXFileReference; fileEncoding = 4; lastKnownFileType = sourcecode.c.h; path = DWTextRubyAnnotation.h; sourceTree = "<group>"; };
		C434B7C8253588E700B92717 /* DWTextSelectionView.m */ = {isa = PBXFileReference; fileEncoding = 4; lastKnownFileType = sourcecode.c.objc; path = DWTextSelectionView.m; sourceTree = "<group>"; };
		C434B7C9253588E700B92717 /* DWTextInput.h */ = {isa = PBXFileReference; fileEncoding = 4; lastKnownFileType = sourcecode.c.h; path = DWTextInput.h; sourceTree = "<group>"; };
		C434B7CA253588E700B92717 /* DWTextContainerView.h */ = {isa = PBXFileReference; fileEncoding = 4; lastKnownFileType = sourcecode.c.h; path = DWTextContainerView.h; sourceTree = "<group>"; };
		C434B7CB253588E700B92717 /* DWLabel.h */ = {isa = PBXFileReference; fileEncoding = 4; lastKnownFileType = sourcecode.c.h; path = DWLabel.h; sourceTree = "<group>"; };
		C434B7CC253588E700B92717 /* DWTextDebugOption.m */ = {isa = PBXFileReference; fileEncoding = 4; lastKnownFileType = sourcecode.c.objc; path = DWTextDebugOption.m; sourceTree = "<group>"; };
		C434B7CE253588E700B92717 /* DWTextAsyncLayer.m */ = {isa = PBXFileReference; fileEncoding = 4; lastKnownFileType = sourcecode.c.objc; path = DWTextAsyncLayer.m; sourceTree = "<group>"; };
		C434B7CF253588E700B92717 /* DWTextUtilities.m */ = {isa = PBXFileReference; fileEncoding = 4; lastKnownFileType = sourcecode.c.objc; path = DWTextUtilities.m; sourceTree = "<group>"; };
		C434B7D0253588E700B92717 /* UIView+DWText.h */ = {isa = PBXFileReference; fileEncoding = 4; lastKnownFileType = sourcecode.c.h; path = "UIView+DWText.h"; sourceTree = "<group>"; };
		C434B7D1253588E700B92717 /* NSAttributedString+DWText.m */ = {isa = PBXFileReference; fileEncoding = 4; lastKnownFileType = sourcecode.c.objc; path = "NSAttributedString+DWText.m"; sourceTree = "<group>"; };
		C434B7D2253588E700B92717 /* DWTextTransaction.h */ = {isa = PBXFileReference; fileEncoding = 4; lastKnownFileType = sourcecode.c.h; path = DWTextTransaction.h; sourceTree = "<group>"; };
		C434B7D3253588E700B92717 /* NSParagraphStyle+DWText.m */ = {isa = PBXFileReference; fileEncoding = 4; lastKnownFileType = sourcecode.c.objc; path = "NSParagraphStyle+DWText.m"; sourceTree = "<group>"; };
		C434B7D4253588E700B92717 /* UIPasteboard+DWText.m */ = {isa = PBXFileReference; fileEncoding = 4; lastKnownFileType = sourcecode.c.objc; path = "UIPasteboard+DWText.m"; sourceTree = "<group>"; };
		C434B7D5253588E700B92717 /* DWTextWeakProxy.h */ = {isa = PBXFileReference; fileEncoding = 4; lastKnownFileType = sourcecode.c.h; path = DWTextWeakProxy.h; sourceTree = "<group>"; };
		C434B7D6253588E700B92717 /* DWTextAsyncLayer.h */ = {isa = PBXFileReference; fileEncoding = 4; lastKnownFileType = sourcecode.c.h; path = DWTextAsyncLayer.h; sourceTree = "<group>"; };
		C434B7D7253588E700B92717 /* DWTextUtilities.h */ = {isa = PBXFileReference; fileEncoding = 4; lastKnownFileType = sourcecode.c.h; path = DWTextUtilities.h; sourceTree = "<group>"; };
		C434B7D8253588E700B92717 /* NSParagraphStyle+DWText.h */ = {isa = PBXFileReference; fileEncoding = 4; lastKnownFileType = sourcecode.c.h; path = "NSParagraphStyle+DWText.h"; sourceTree = "<group>"; };
		C434B7D9253588E700B92717 /* DWTextTransaction.m */ = {isa = PBXFileReference; fileEncoding = 4; lastKnownFileType = sourcecode.c.objc; path = DWTextTransaction.m; sourceTree = "<group>"; };
		C434B7DA253588E700B92717 /* NSAttributedString+DWText.h */ = {isa = PBXFileReference; fileEncoding = 4; lastKnownFileType = sourcecode.c.h; path = "NSAttributedString+DWText.h"; sourceTree = "<group>"; };
		C434B7DB253588E700B92717 /* UIView+DWText.m */ = {isa = PBXFileReference; fileEncoding = 4; lastKnownFileType = sourcecode.c.objc; path = "UIView+DWText.m"; sourceTree = "<group>"; };
		C434B7DC253588E700B92717 /* DWTextWeakProxy.m */ = {isa = PBXFileReference; fileEncoding = 4; lastKnownFileType = sourcecode.c.objc; path = DWTextWeakProxy.m; sourceTree = "<group>"; };
		C434B7DD253588E700B92717 /* UIPasteboard+DWText.h */ = {isa = PBXFileReference; fileEncoding = 4; lastKnownFileType = sourcecode.c.h; path = "UIPasteboard+DWText.h"; sourceTree = "<group>"; };
		C4981247253553EB008B2B61 /* RCTAuroraIMUI.framework */ = {isa = PBXFileReference; explicitFileType = wrapper.framework; includeInIndex = 0; path = RCTAuroraIMUI.framework; sourceTree = BUILT_PRODUCTS_DIR; };
		C498124A253553EB008B2B61 /* RCTAuroraIMUI.h */ = {isa = PBXFileReference; lastKnownFileType = sourcecode.c.h; path = RCTAuroraIMUI.h; sourceTree = "<group>"; };
		C498124B253553EB008B2B61 /* Info.plist */ = {isa = PBXFileReference; lastKnownFileType = text.plist.xml; path = Info.plist; sourceTree = "<group>"; };
		C49812552535544F008B2B61 /* NIMInputAtCache.h */ = {isa = PBXFileReference; fileEncoding = 4; lastKnownFileType = sourcecode.c.h; path = NIMInputAtCache.h; sourceTree = "<group>"; };
		C49812562535544F008B2B61 /* HPTextViewInternal.h */ = {isa = PBXFileReference; fileEncoding = 4; lastKnownFileType = sourcecode.c.h; path = HPTextViewInternal.h; sourceTree = "<group>"; };
		C49812582535544F008B2B61 /* UIView+Extend.m */ = {isa = PBXFileReference; fileEncoding = 4; lastKnownFileType = sourcecode.c.objc; path = "UIView+Extend.m"; sourceTree = "<group>"; };
		C49812592535544F008B2B61 /* UIImage+DWImageColor.m */ = {isa = PBXFileReference; fileEncoding = 4; lastKnownFileType = sourcecode.c.objc; path = "UIImage+DWImageColor.m"; sourceTree = "<group>"; };
		C498125A2535544F008B2B61 /* UIView+Extend.h */ = {isa = PBXFileReference; fileEncoding = 4; lastKnownFileType = sourcecode.c.h; path = "UIView+Extend.h"; sourceTree = "<group>"; };
		C498125B2535544F008B2B61 /* UIImage+DWImageColor.h */ = {isa = PBXFileReference; fileEncoding = 4; lastKnownFileType = sourcecode.c.h; path = "UIImage+DWImageColor.h"; sourceTree = "<group>"; };
		C498125C2535544F008B2B61 /* HPGrowingTextView.m */ = {isa = PBXFileReference; fileEncoding = 4; lastKnownFileType = sourcecode.c.objc; path = HPGrowingTextView.m; sourceTree = "<group>"; };
		C498125D2535544F008B2B61 /* DWAudioRecorderManager.m */ = {isa = PBXFileReference; fileEncoding = 4; lastKnownFileType = sourcecode.c.objc; path = DWAudioRecorderManager.m; sourceTree = "<group>"; };
		C498125E2535544F008B2B61 /* DWInputBarControl.m */ = {isa = PBXFileReference; fileEncoding = 4; lastKnownFileType = sourcecode.c.objc; path = DWInputBarControl.m; sourceTree = "<group>"; };
		C498125F2535544F008B2B61 /* DWRecordButton.h */ = {isa = PBXFileReference; fileEncoding = 4; lastKnownFileType = sourcecode.c.h; path = DWRecordButton.h; sourceTree = "<group>"; };
		C49812602535544F008B2B61 /* HPTextViewInternal.m */ = {isa = PBXFileReference; fileEncoding = 4; lastKnownFileType = sourcecode.c.objc; path = HPTextViewInternal.m; sourceTree = "<group>"; };
		C49812612535544F008B2B61 /* NIMInputAtCache.m */ = {isa = PBXFileReference; fileEncoding = 4; lastKnownFileType = sourcecode.c.objc; path = NIMInputAtCache.m; sourceTree = "<group>"; };
		C49812622535544F008B2B61 /* HPGrowingTextView.h */ = {isa = PBXFileReference; fileEncoding = 4; lastKnownFileType = sourcecode.c.h; path = HPGrowingTextView.h; sourceTree = "<group>"; };
		C49812632535544F008B2B61 /* DWRecordButton.m */ = {isa = PBXFileReference; fileEncoding = 4; lastKnownFileType = sourcecode.c.objc; path = DWRecordButton.m; sourceTree = "<group>"; };
		C49812642535544F008B2B61 /* DWInputBarControl.h */ = {isa = PBXFileReference; fileEncoding = 4; lastKnownFileType = sourcecode.c.h; path = DWInputBarControl.h; sourceTree = "<group>"; };
		C49812652535544F008B2B61 /* DWAudioRecorderManager.h */ = {isa = PBXFileReference; fileEncoding = 4; lastKnownFileType = sourcecode.c.h; path = DWAudioRecorderManager.h; sourceTree = "<group>"; };
		C49812672535544F008B2B61 /* NIMInputEmoticonParser.m */ = {isa = PBXFileReference; fileEncoding = 4; lastKnownFileType = sourcecode.c.objc; path = NIMInputEmoticonParser.m; sourceTree = "<group>"; };
		C49812682535544F008B2B61 /* NIMPageView.h */ = {isa = PBXFileReference; fileEncoding = 4; lastKnownFileType = sourcecode.c.h; path = NIMPageView.h; sourceTree = "<group>"; };
		C49812692535544F008B2B61 /* NIMInputEmoticonManager.h */ = {isa = PBXFileReference; fileEncoding = 4; lastKnownFileType = sourcecode.c.h; path = NIMInputEmoticonManager.h; sourceTree = "<group>"; };
		C498126A2535544F008B2B61 /* UIImage+NIM.m */ = {isa = PBXFileReference; fileEncoding = 4; lastKnownFileType = sourcecode.c.objc; path = "UIImage+NIM.m"; sourceTree = "<group>"; };
		C498126B2535544F008B2B61 /* NIMInputEmoticonTabView.m */ = {isa = PBXFileReference; fileEncoding = 4; lastKnownFileType = sourcecode.c.objc; path = NIMInputEmoticonTabView.m; sourceTree = "<group>"; };
		C498126C2535544F008B2B61 /* NIMInputEmoticonButton.h */ = {isa = PBXFileReference; fileEncoding = 4; lastKnownFileType = sourcecode.c.h; path = NIMInputEmoticonButton.h; sourceTree = "<group>"; };
		C498126D2535544F008B2B61 /* NIMInputEmoticonContainerView.h */ = {isa = PBXFileReference; fileEncoding = 4; lastKnownFileType = sourcecode.c.h; path = NIMInputEmoticonContainerView.h; sourceTree = "<group>"; };
		C498126E2535544F008B2B61 /* NSString+NIMKit.m */ = {isa = PBXFileReference; fileEncoding = 4; lastKnownFileType = sourcecode.c.objc; path = "NSString+NIMKit.m"; sourceTree = "<group>"; };
		C498126F2535544F008B2B61 /* NIMInputEmoticonManager.m */ = {isa = PBXFileReference; fileEncoding = 4; lastKnownFileType = sourcecode.c.objc; path = NIMInputEmoticonManager.m; sourceTree = "<group>"; };
		C49812702535544F008B2B61 /* NIMPageView.m */ = {isa = PBXFileReference; fileEncoding = 4; lastKnownFileType = sourcecode.c.objc; path = NIMPageView.m; sourceTree = "<group>"; };
		C49812712535544F008B2B61 /* NIMInputEmoticonParser.h */ = {isa = PBXFileReference; fileEncoding = 4; lastKnownFileType = sourcecode.c.h; path = NIMInputEmoticonParser.h; sourceTree = "<group>"; };
		C49812722535544F008B2B61 /* NIMInputEmoticonDefine.h */ = {isa = PBXFileReference; fileEncoding = 4; lastKnownFileType = sourcecode.c.h; path = NIMInputEmoticonDefine.h; sourceTree = "<group>"; };
		C49812732535544F008B2B61 /* NSString+NIMKit.h */ = {isa = PBXFileReference; fileEncoding = 4; lastKnownFileType = sourcecode.c.h; path = "NSString+NIMKit.h"; sourceTree = "<group>"; };
		C49812742535544F008B2B61 /* NIMInputEmoticonContainerView.m */ = {isa = PBXFileReference; fileEncoding = 4; lastKnownFileType = sourcecode.c.objc; path = NIMInputEmoticonContainerView.m; sourceTree = "<group>"; };
		C49812752535544F008B2B61 /* NIMInputEmoticonButton.m */ = {isa = PBXFileReference; fileEncoding = 4; lastKnownFileType = sourcecode.c.objc; path = NIMInputEmoticonButton.m; sourceTree = "<group>"; };
		C49812762535544F008B2B61 /* NIMInputEmoticonTabView.h */ = {isa = PBXFileReference; fileEncoding = 4; lastKnownFileType = sourcecode.c.h; path = NIMInputEmoticonTabView.h; sourceTree = "<group>"; };
		C49812772535544F008B2B61 /* UIImage+NIM.h */ = {isa = PBXFileReference; fileEncoding = 4; lastKnownFileType = sourcecode.c.h; path = "UIImage+NIM.h"; sourceTree = "<group>"; };
		C49812792535544F008B2B61 /* MyMessageModel.swift */ = {isa = PBXFileReference; fileEncoding = 4; lastKnownFileType = sourcecode.swift; path = MyMessageModel.swift; sourceTree = "<group>"; };
		C498127C2535544F008B2B61 /* UIColorExtension.swift */ = {isa = PBXFileReference; fileEncoding = 4; lastKnownFileType = sourcecode.swift; path = UIColorExtension.swift; sourceTree = "<group>"; };
		C498127D2535544F008B2B61 /* CMSampleBufferExtension.swift */ = {isa = PBXFileReference; fileEncoding = 4; lastKnownFileType = sourcecode.swift; path = CMSampleBufferExtension.swift; sourceTree = "<group>"; };
		C498127E2535544F008B2B61 /* CIImageExtension.swift */ = {isa = PBXFileReference; fileEncoding = 4; lastKnownFileType = sourcecode.swift; path = CIImageExtension.swift; sourceTree = "<group>"; };
		C498127F2535544F008B2B61 /* UIViewExtension.swift */ = {isa = PBXFileReference; fileEncoding = 4; lastKnownFileType = sourcecode.swift; path = UIViewExtension.swift; sourceTree = "<group>"; };
		C49812802535544F008B2B61 /* CGRectExtension.swift */ = {isa = PBXFileReference; fileEncoding = 4; lastKnownFileType = sourcecode.swift; path = CGRectExtension.swift; sourceTree = "<group>"; };
		C49812812535544F008B2B61 /* StringExtension.swift */ = {isa = PBXFileReference; fileEncoding = 4; lastKnownFileType = sourcecode.swift; path = StringExtension.swift; sourceTree = "<group>"; };
		C49812822535544F008B2B61 /* UIImageExtension.swift */ = {isa = PBXFileReference; fileEncoding = 4; lastKnownFileType = sourcecode.swift; path = UIImageExtension.swift; sourceTree = "<group>"; };
		C49812832535544F008B2B61 /* DateExtension.swift */ = {isa = PBXFileReference; fileEncoding = 4; lastKnownFileType = sourcecode.swift; path = DateExtension.swift; sourceTree = "<group>"; };
		C49812852535544F008B2B61 /* IMUIAudioPlayerHelper.swift */ = {isa = PBXFileReference; fileEncoding = 4; lastKnownFileType = sourcecode.swift; path = IMUIAudioPlayerHelper.swift; sourceTree = "<group>"; };
		C49812862535544F008B2B61 /* MyUser.swift */ = {isa = PBXFileReference; fileEncoding = 4; lastKnownFileType = sourcecode.swift; path = MyUser.swift; sourceTree = "<group>"; };
		C49812882535544F008B2B61 /* IMUI.h */ = {isa = PBXFileReference; fileEncoding = 4; lastKnownFileType = sourcecode.c.h; path = IMUI.h; sourceTree = "<group>"; };
		C498128A2535544F008B2B61 /* BundleMessageListExtension.swift */ = {isa = PBXFileReference; fileEncoding = 4; lastKnownFileType = sourcecode.swift; path = BundleMessageListExtension.swift; sourceTree = "<group>"; };
		C498128B2535544F008B2B61 /* UIImageMessageListExtension.swift */ = {isa = PBXFileReference; fileEncoding = 4; lastKnownFileType = sourcecode.swift; path = UIImageMessageListExtension.swift; sourceTree = "<group>"; };
		C498128D2535544F008B2B61 /* IMUIMessageCellLayout.swift */ = {isa = PBXFileReference; fileEncoding = 4; lastKnownFileType = sourcecode.swift; path = IMUIMessageCellLayout.swift; sourceTree = "<group>"; };
		C498128F2535544F008B2B61 /* IMUIMessageModel.swift */ = {isa = PBXFileReference; fileEncoding = 4; lastKnownFileType = sourcecode.swift; path = IMUIMessageModel.swift; sourceTree = "<group>"; };
		C49812902535544F008B2B61 /* IMUIViewCache.swift */ = {isa = PBXFileReference; fileEncoding = 4; lastKnownFileType = sourcecode.swift; path = IMUIViewCache.swift; sourceTree = "<group>"; };
		C49812912535544F008B2B61 /* IMUIReuseViewCache.swift */ = {isa = PBXFileReference; fileEncoding = 4; lastKnownFileType = sourcecode.swift; path = IMUIReuseViewCache.swift; sourceTree = "<group>"; };
		C49812932535544F008B2B61 /* IMUIUserProtocol.swift */ = {isa = PBXFileReference; fileEncoding = 4; lastKnownFileType = sourcecode.swift; path = IMUIUserProtocol.swift; sourceTree = "<group>"; };
		C49812942535544F008B2B61 /* IMUIMessageMessageCollectionViewDelegate.swift */ = {isa = PBXFileReference; fileEncoding = 4; lastKnownFileType = sourcecode.swift; path = IMUIMessageMessageCollectionViewDelegate.swift; sourceTree = "<group>"; };
		C49812952535544F008B2B61 /* IMUIMessageStatusViewProtocal.swift */ = {isa = PBXFileReference; fileEncoding = 4; lastKnownFileType = sourcecode.swift; path = IMUIMessageStatusViewProtocal.swift; sourceTree = "<group>"; };
		C49812962535544F008B2B61 /* IMUIMessageCellProtocal.swift */ = {isa = PBXFileReference; fileEncoding = 4; lastKnownFileType = sourcecode.swift; path = IMUIMessageCellProtocal.swift; sourceTree = "<group>"; };
		C49812972535544F008B2B61 /* IMUIMessageCellLayoutProtocal.swift */ = {isa = PBXFileReference; fileEncoding = 4; lastKnownFileType = sourcecode.swift; path = IMUIMessageCellLayoutProtocal.swift; sourceTree = "<group>"; };
		C49812982535544F008B2B61 /* IMUIMessageModelProtocol.swift */ = {isa = PBXFileReference; fileEncoding = 4; lastKnownFileType = sourcecode.swift; path = IMUIMessageModelProtocol.swift; sourceTree = "<group>"; };
		C498129A2535544F008B2B61 /* IMUIChatDataManager.swift */ = {isa = PBXFileReference; fileEncoding = 4; lastKnownFileType = sourcecode.swift; path = IMUIChatDataManager.swift; sourceTree = "<group>"; };
		C498129B2535544F008B2B61 /* IMUIVideoFileLoader.swift */ = {isa = PBXFileReference; fileEncoding = 4; lastKnownFileType = sourcecode.swift; path = IMUIVideoFileLoader.swift; sourceTree = "<group>"; };
		C498129C2535544F008B2B61 /* IMUIChatLayout.swift */ = {isa = PBXFileReference; fileEncoding = 4; lastKnownFileType = sourcecode.swift; path = IMUIChatLayout.swift; sourceTree = "<group>"; };
		C498129E2535544F008B2B61 /* IMUIMessageStatusView.swift */ = {isa = PBXFileReference; fileEncoding = 4; lastKnownFileType = sourcecode.swift; path = IMUIMessageStatusView.swift; sourceTree = "<group>"; };
		C498129F2535544F008B2B61 /* IMUIMessageCollectionView.swift */ = {isa = PBXFileReference; fileEncoding = 4; lastKnownFileType = sourcecode.swift; path = IMUIMessageCollectionView.swift; sourceTree = "<group>"; };
		C49812A02535544F008B2B61 /* IMUICustomMessageContentCell.swift */ = {isa = PBXFileReference; fileEncoding = 4; lastKnownFileType = sourcecode.swift; path = IMUICustomMessageContentCell.swift; sourceTree = "<group>"; };
		C49812A12535544F008B2B61 /* IMUILocationMessageCell.swift */ = {isa = PBXFileReference; fileEncoding = 4; lastKnownFileType = sourcecode.swift; path = IMUILocationMessageCell.swift; sourceTree = "<group>"; };
		C49812A22535544F008B2B61 /* IMUIMessageBubbleView.swift */ = {isa = PBXFileReference; fileEncoding = 4; lastKnownFileType = sourcecode.swift; path = IMUIMessageBubbleView.swift; sourceTree = "<group>"; };
		C49812A32535544F008B2B61 /* IMUITextView.swift */ = {isa = PBXFileReference; fileEncoding = 4; lastKnownFileType = sourcecode.swift; path = IMUITextView.swift; sourceTree = "<group>"; };
		C49812A42535544F008B2B61 /* IMUIBaseMessageHeadCell.swift */ = {isa = PBXFileReference; fileEncoding = 4; lastKnownFileType = sourcecode.swift; path = IMUIBaseMessageHeadCell.swift; sourceTree = "<group>"; };
		C49812A52535544F008B2B61 /* IMUIRedPacketMessageCell.swift */ = {isa = PBXFileReference; fileEncoding = 4; lastKnownFileType = sourcecode.swift; path = IMUIRedPacketMessageCell.swift; sourceTree = "<group>"; };
		C49812A62535544F008B2B61 /* IMUICardMessageCell.swift */ = {isa = PBXFileReference; fileEncoding = 4; lastKnownFileType = sourcecode.swift; path = IMUICardMessageCell.swift; sourceTree = "<group>"; };
		C49812A72535544F008B2B61 /* IMUIVideoMessageCell.swift */ = {isa = PBXFileReference; fileEncoding = 4; lastKnownFileType = sourcecode.swift; path = IMUIVideoMessageCell.swift; sourceTree = "<group>"; };
		C49812A92535544F008B2B61 /* IMUITextMessageCell.swift */ = {isa = PBXFileReference; fileEncoding = 4; lastKnownFileType = sourcecode.swift; path = IMUITextMessageCell.swift; sourceTree = "<group>"; };
		C49812AA2535544F008B2B61 /* IMUIImageMessageCell.swift */ = {isa = PBXFileReference; fileEncoding = 4; lastKnownFileType = sourcecode.swift; path = IMUIImageMessageCell.swift; sourceTree = "<group>"; };
		C49812AB2535544F008B2B61 /* IMUIVoiceMessageCell.swift */ = {isa = PBXFileReference; fileEncoding = 4; lastKnownFileType = sourcecode.swift; path = IMUIVoiceMessageCell.swift; sourceTree = "<group>"; };
		C49812AC2535544F008B2B61 /* IMUITransferMessageCell.swift */ = {isa = PBXFileReference; fileEncoding = 4; lastKnownFileType = sourcecode.swift; path = IMUITransferMessageCell.swift; sourceTree = "<group>"; };
		C49812AD2535544F008B2B61 /* IMUIUnKnownMessageCell.swift */ = {isa = PBXFileReference; fileEncoding = 4; lastKnownFileType = sourcecode.swift; path = IMUIUnKnownMessageCell.swift; sourceTree = "<group>"; };
		C49812AE2535544F008B2B61 /* IMUIRedPacketOpenMessageCell.swift */ = {isa = PBXFileReference; fileEncoding = 4; lastKnownFileType = sourcecode.swift; path = IMUIRedPacketOpenMessageCell.swift; sourceTree = "<group>"; };
		C49812AF2535544F008B2B61 /* IMUIBaseMessageCell.swift */ = {isa = PBXFileReference; fileEncoding = 4; lastKnownFileType = sourcecode.swift; path = IMUIBaseMessageCell.swift; sourceTree = "<group>"; };
		C49812B02535544F008B2B61 /* IMUILiveVideoMessageCell.swift */ = {isa = PBXFileReference; fileEncoding = 4; lastKnownFileType = sourcecode.swift; path = IMUILiveVideoMessageCell.swift; sourceTree = "<group>"; };
		C49812B12535544F008B2B61 /* IMUINotificationMessageCell.swift */ = {isa = PBXFileReference; fileEncoding = 4; lastKnownFileType = sourcecode.swift; path = IMUINotificationMessageCell.swift; sourceTree = "<group>"; };
		C49812B62535544F008B2B61 /* RCTMessageListViewManager.m */ = {isa = PBXFileReference; fileEncoding = 4; lastKnownFileType = sourcecode.c.objc; path = RCTMessageListViewManager.m; sourceTree = "<group>"; };
		C49812B72535544F008B2B61 /* RCTMessageListView.m */ = {isa = PBXFileReference; fileEncoding = 4; lastKnownFileType = sourcecode.c.objc; path = RCTMessageListView.m; sourceTree = "<group>"; };
		C49812B82535544F008B2B61 /* RCTAuroraIMUIModule.m */ = {isa = PBXFileReference; fileEncoding = 4; lastKnownFileType = sourcecode.c.objc; path = RCTAuroraIMUIModule.m; sourceTree = "<group>"; };
		C49812B92535544F008B2B61 /* RCTMessageListView.h */ = {isa = PBXFileReference; fileEncoding = 4; lastKnownFileType = sourcecode.c.h; path = RCTMessageListView.h; sourceTree = "<group>"; };
		C49812BA2535544F008B2B61 /* RCTAuroraIMUIModule.h */ = {isa = PBXFileReference; fileEncoding = 4; lastKnownFileType = sourcecode.c.h; path = RCTAuroraIMUIModule.h; sourceTree = "<group>"; };
		C49812BC2535544F008B2B61 /* DWPlayVideoVC.h */ = {isa = PBXFileReference; fileEncoding = 4; lastKnownFileType = sourcecode.c.h; path = DWPlayVideoVC.h; sourceTree = "<group>"; };
		C49812BD2535544F008B2B61 /* DWShowImageVC.m */ = {isa = PBXFileReference; fileEncoding = 4; lastKnownFileType = sourcecode.c.objc; path = DWShowImageVC.m; sourceTree = "<group>"; };
		C49812BE2535544F008B2B61 /* DWPlayVideoVC.m */ = {isa = PBXFileReference; fileEncoding = 4; lastKnownFileType = sourcecode.c.objc; path = DWPlayVideoVC.m; sourceTree = "<group>"; };
		C49812BF2535544F008B2B61 /* DWShowImageVC.h */ = {isa = PBXFileReference; fileEncoding = 4; lastKnownFileType = sourcecode.c.h; path = DWShowImageVC.h; sourceTree = "<group>"; };
		C49812C12535544F008B2B61 /* DWOrigImageView.m */ = {isa = PBXFileReference; fileEncoding = 4; lastKnownFileType = sourcecode.c.objc; path = DWOrigImageView.m; sourceTree = "<group>"; };
		C49812C22535544F008B2B61 /* DWOrigImgView.h */ = {isa = PBXFileReference; fileEncoding = 4; lastKnownFileType = sourcecode.c.h; path = DWOrigImgView.h; sourceTree = "<group>"; };
		C49812C42535544F008B2B61 /* RNCustomInputView.m */ = {isa = PBXFileReference; fileEncoding = 4; lastKnownFileType = sourcecode.c.objc; path = RNCustomInputView.m; sourceTree = "<group>"; };
		C49812C52535544F008B2B61 /* DWActionSheetView.h */ = {isa = PBXFileReference; fileEncoding = 4; lastKnownFileType = sourcecode.c.h; path = DWActionSheetView.h; sourceTree = "<group>"; };
		C49812C72535544F008B2B61 /* DWRecoderCoveView.m */ = {isa = PBXFileReference; fileEncoding = 4; lastKnownFileType = sourcecode.c.objc; path = DWRecoderCoveView.m; sourceTree = "<group>"; };
		C49812C82535544F008B2B61 /* DWOrigScorllView.h */ = {isa = PBXFileReference; fileEncoding = 4; lastKnownFileType = sourcecode.c.h; path = DWOrigScorllView.h; sourceTree = "<group>"; };
		C49812C92535544F008B2B61 /* RNRecordTipsView.h */ = {isa = PBXFileReference; fileEncoding = 4; lastKnownFileType = sourcecode.c.h; path = RNRecordTipsView.h; sourceTree = "<group>"; };
		C49812CA2535544F008B2B61 /* DWOrigImgView.m */ = {isa = PBXFileReference; fileEncoding = 4; lastKnownFileType = sourcecode.c.objc; path = DWOrigImgView.m; sourceTree = "<group>"; };
		C49812CB2535544F008B2B61 /* DWOrigImageView.h */ = {isa = PBXFileReference; fileEncoding = 4; lastKnownFileType = sourcecode.c.h; path = DWOrigImageView.h; sourceTree = "<group>"; };
		C49812CD2535544F008B2B61 /* DWRecoderCoveView.h */ = {isa = PBXFileReference; fileEncoding = 4; lastKnownFileType = sourcecode.c.h; path = DWRecoderCoveView.h; sourceTree = "<group>"; };
		C49812CF2535544F008B2B61 /* DWActionSheetView.m */ = {isa = PBXFileReference; fileEncoding = 4; lastKnownFileType = sourcecode.c.objc; path = DWActionSheetView.m; sourceTree = "<group>"; };
		C49812D02535544F008B2B61 /* RNCustomInputView.h */ = {isa = PBXFileReference; fileEncoding = 4; lastKnownFileType = sourcecode.c.h; path = RNCustomInputView.h; sourceTree = "<group>"; };
		C49812D12535544F008B2B61 /* RNRecordTipsView.m */ = {isa = PBXFileReference; fileEncoding = 4; lastKnownFileType = sourcecode.c.objc; path = RNRecordTipsView.m; sourceTree = "<group>"; };
		C49812D22535544F008B2B61 /* DWOrigScorllView.m */ = {isa = PBXFileReference; fileEncoding = 4; lastKnownFileType = sourcecode.c.objc; path = DWOrigScorllView.m; sourceTree = "<group>"; };
		C49812D42535544F008B2B61 /* OCBridgingHeader.h */ = {isa = PBXFileReference; fileEncoding = 4; lastKnownFileType = sourcecode.c.h; path = OCBridgingHeader.h; sourceTree = "<group>"; };
		C49812D52535544F008B2B61 /* module.modulemap */ = {isa = PBXFileReference; fileEncoding = 4; lastKnownFileType = "sourcecode.module-map"; path = module.modulemap; sourceTree = "<group>"; };
		C498135E253557AE008B2B61 /* MenuPopOverView.h */ = {isa = PBXFileReference; fileEncoding = 4; lastKnownFileType = sourcecode.c.h; path = MenuPopOverView.h; sourceTree = "<group>"; };
		C498135F253557AE008B2B61 /* MyCacheImageView.h */ = {isa = PBXFileReference; fileEncoding = 4; lastKnownFileType = sourcecode.c.h; path = MyCacheImageView.h; sourceTree = "<group>"; };
		C4981360253557AF008B2B61 /* MenuPopOverView.m */ = {isa = PBXFileReference; fileEncoding = 4; lastKnownFileType = sourcecode.c.objc; path = MenuPopOverView.m; sourceTree = "<group>"; };
		C4981361253557AF008B2B61 /* MyCacheImageView.m */ = {isa = PBXFileReference; fileEncoding = 4; lastKnownFileType = sourcecode.c.objc; path = MyCacheImageView.m; sourceTree = "<group>"; };
/* End PBXFileReference section */

/* Begin PBXFrameworksBuildPhase section */
		C4981244253553EB008B2B61 /* Frameworks */ = {
			isa = PBXFrameworksBuildPhase;
			buildActionMask = 2147483647;
			files = (
				8D34C2637C2370CE9AE6D410 /* libPods-RCTAuroraIMUI.a in Frameworks */,
			);
			runOnlyForDeploymentPostprocessing = 0;
		};
/* End PBXFrameworksBuildPhase section */

/* Begin PBXGroup section */
		24471291E9853917537B7AE0 /* Frameworks */ = {
			isa = PBXGroup;
			children = (
				9EEB1FF3BEF7BD2586671906 /* libPods-RCTAuroraIMUI.a */,
			);
			name = Frameworks;
			sourceTree = "<group>";
		};
		6A29FEA888D7E3041E6B142C /* Pods */ = {
			isa = PBXGroup;
			children = (
				6ADCA3590CE27D3398E86EE3 /* Pods-RCTAuroraIMUI.debug.xcconfig */,
				3666DCC7238404DCD7B9D5FE /* Pods-RCTAuroraIMUI.release.xcconfig */,
			);
			name = Pods;
			path = ../Pods;
			sourceTree = "<group>";
		};
		C434B7AB253588E700B92717 /* DWLabel */ = {
			isa = PBXGroup;
			children = (
				C434B7AC253588E700B92717 /* DWText.h */,
				C434B7AD253588E700B92717 /* DWTextEffectWindow.m */,
				C434B7AE253588E700B92717 /* DWTextView.m */,
				C434B7AF253588E700B92717 /* DWTextLayout.h */,
				C434B7B0253588E700B92717 /* DWTextMagnifier.m */,
				C434B7B1253588E700B92717 /* DWTextRunDelegate.m */,
				C434B7B2253588E700B92717 /* DWTextKeyboardManager.h */,
				C434B7B3253588E700B92717 /* DWTextLine.h */,
				C434B7B4253588E700B92717 /* DWTextAttribute.h */,
				C434B7B5253588E700B92717 /* DWTextInput.m */,
				C434B7B6253588E700B92717 /* DWTextSelectionView.h */,
				C434B7B7253588E700B92717 /* DWTextRubyAnnotation.m */,
				C434B7B8253588E700B92717 /* DWTextArchiver.m */,
				C434B7B9253588E700B92717 /* DWTextParser.m */,
				C434B7BA253588E700B92717 /* DWLabel.m */,
				C434B7BB253588E700B92717 /* DWTextDebugOption.h */,
				C434B7BC253588E700B92717 /* DWTextContainerView.m */,
				C434B7BD253588E700B92717 /* DWTextMagnifier.h */,
				C434B7BE253588E700B92717 /* DWTextLayout.m */,
				C434B7BF253588E700B92717 /* DWTextView.h */,
				C434B7C0253588E700B92717 /* DWTextEffectWindow.h */,
				C434B7C1253588E700B92717 /* DWTextAttribute.m */,
				C434B7C2253588E700B92717 /* DWTextLine.m */,
				C434B7C3253588E700B92717 /* DWTextKeyboardManager.m */,
				C434B7C4253588E700B92717 /* DWTextRunDelegate.h */,
				C434B7C5253588E700B92717 /* DWTextArchiver.h */,
				C434B7C6253588E700B92717 /* DWTextParser.h */,
				C434B7C7253588E700B92717 /* DWTextRubyAnnotation.h */,
				C434B7C8253588E700B92717 /* DWTextSelectionView.m */,
				C434B7C9253588E700B92717 /* DWTextInput.h */,
				C434B7CA253588E700B92717 /* DWTextContainerView.h */,
				C434B7CB253588E700B92717 /* DWLabel.h */,
				C434B7CC253588E700B92717 /* DWTextDebugOption.m */,
				C434B7CD253588E700B92717 /* Utility */,
			);
			path = DWLabel;
			sourceTree = "<group>";
		};
		C434B7CD253588E700B92717 /* Utility */ = {
			isa = PBXGroup;
			children = (
				C434B7CE253588E700B92717 /* DWTextAsyncLayer.m */,
				C434B7CF253588E700B92717 /* DWTextUtilities.m */,
				C434B7D0253588E700B92717 /* UIView+DWText.h */,
				C434B7D1253588E700B92717 /* NSAttributedString+DWText.m */,
				C434B7D2253588E700B92717 /* DWTextTransaction.h */,
				C434B7D3253588E700B92717 /* NSParagraphStyle+DWText.m */,
				C434B7D4253588E700B92717 /* UIPasteboard+DWText.m */,
				C434B7D5253588E700B92717 /* DWTextWeakProxy.h */,
				C434B7D6253588E700B92717 /* DWTextAsyncLayer.h */,
				C434B7D7253588E700B92717 /* DWTextUtilities.h */,
				C434B7D8253588E700B92717 /* NSParagraphStyle+DWText.h */,
				C434B7D9253588E700B92717 /* DWTextTransaction.m */,
				C434B7DA253588E700B92717 /* NSAttributedString+DWText.h */,
				C434B7DB253588E700B92717 /* UIView+DWText.m */,
				C434B7DC253588E700B92717 /* DWTextWeakProxy.m */,
				C434B7DD253588E700B92717 /* UIPasteboard+DWText.h */,
			);
			path = Utility;
			sourceTree = "<group>";
		};
		C498123D253553EA008B2B61 = {
			isa = PBXGroup;
			children = (
				C4981249253553EB008B2B61 /* RCTAuroraIMUI */,
				C4981248253553EB008B2B61 /* Products */,
				6A29FEA888D7E3041E6B142C /* Pods */,
				24471291E9853917537B7AE0 /* Frameworks */,
			);
			sourceTree = "<group>";
		};
		C4981248253553EB008B2B61 /* Products */ = {
			isa = PBXGroup;
			children = (
				C4981247253553EB008B2B61 /* RCTAuroraIMUI.framework */,
			);
			name = Products;
			sourceTree = "<group>";
		};
		C4981249253553EB008B2B61 /* RCTAuroraIMUI */ = {
			isa = PBXGroup;
			children = (
				C49812532535544F008B2B61 /* Classes */,
				C49812D32535544F008B2B61 /* Core */,
				C498124B253553EB008B2B61 /* Info.plist */,
				C498124A253553EB008B2B61 /* RCTAuroraIMUI.h */,
			);
			path = RCTAuroraIMUI;
			sourceTree = "<group>";
		};
		C49812532535544F008B2B61 /* Classes */ = {
			isa = PBXGroup;
			children = (
				C49812542535544F008B2B61 /* InputView */,
				C49812662535544F008B2B61 /* DWEmoticonView */,
				C49812782535544F008B2B61 /* SwiftFiles */,
				C49812B42535544F008B2B61 /* RCT */,
				C49812BB2535544F008B2B61 /* Controller */,
				C49812C02535544F008B2B61 /* DWCustomView */,
			);
			path = Classes;
			sourceTree = "<group>";
		};
		C49812542535544F008B2B61 /* InputView */ = {
			isa = PBXGroup;
			children = (
				C49812652535544F008B2B61 /* DWAudioRecorderManager.h */,
				C498125D2535544F008B2B61 /* DWAudioRecorderManager.m */,
				C49812642535544F008B2B61 /* DWInputBarControl.h */,
				C498125E2535544F008B2B61 /* DWInputBarControl.m */,
				C498125F2535544F008B2B61 /* DWRecordButton.h */,
				C49812632535544F008B2B61 /* DWRecordButton.m */,
				C49812622535544F008B2B61 /* HPGrowingTextView.h */,
				C498125C2535544F008B2B61 /* HPGrowingTextView.m */,
				C49812562535544F008B2B61 /* HPTextViewInternal.h */,
				C49812602535544F008B2B61 /* HPTextViewInternal.m */,
				C49812552535544F008B2B61 /* NIMInputAtCache.h */,
				C49812612535544F008B2B61 /* NIMInputAtCache.m */,
				C49812572535544F008B2B61 /* UIView+Extend */,
			);
			path = InputView;
			sourceTree = "<group>";
		};
		C49812572535544F008B2B61 /* UIView+Extend */ = {
			isa = PBXGroup;
			children = (
				C498125B2535544F008B2B61 /* UIImage+DWImageColor.h */,
				C49812592535544F008B2B61 /* UIImage+DWImageColor.m */,
				C498125A2535544F008B2B61 /* UIView+Extend.h */,
				C49812582535544F008B2B61 /* UIView+Extend.m */,
			);
			path = "UIView+Extend";
			sourceTree = "<group>";
		};
		C49812662535544F008B2B61 /* DWEmoticonView */ = {
			isa = PBXGroup;
			children = (
				C498126C2535544F008B2B61 /* NIMInputEmoticonButton.h */,
				C49812752535544F008B2B61 /* NIMInputEmoticonButton.m */,
				C498126D2535544F008B2B61 /* NIMInputEmoticonContainerView.h */,
				C49812742535544F008B2B61 /* NIMInputEmoticonContainerView.m */,
				C49812722535544F008B2B61 /* NIMInputEmoticonDefine.h */,
				C49812692535544F008B2B61 /* NIMInputEmoticonManager.h */,
				C498126F2535544F008B2B61 /* NIMInputEmoticonManager.m */,
				C49812712535544F008B2B61 /* NIMInputEmoticonParser.h */,
				C49812672535544F008B2B61 /* NIMInputEmoticonParser.m */,
				C49812762535544F008B2B61 /* NIMInputEmoticonTabView.h */,
				C498126B2535544F008B2B61 /* NIMInputEmoticonTabView.m */,
				C49812682535544F008B2B61 /* NIMPageView.h */,
				C49812702535544F008B2B61 /* NIMPageView.m */,
				C49812732535544F008B2B61 /* NSString+NIMKit.h */,
				C498126E2535544F008B2B61 /* NSString+NIMKit.m */,
				C49812772535544F008B2B61 /* UIImage+NIM.h */,
				C498126A2535544F008B2B61 /* UIImage+NIM.m */,
			);
			path = DWEmoticonView;
			sourceTree = "<group>";
		};
		C49812782535544F008B2B61 /* SwiftFiles */ = {
			isa = PBXGroup;
			children = (
				C49812792535544F008B2B61 /* MyMessageModel.swift */,
				C498127A2535544F008B2B61 /* IMUICommon */,
				C49812862535544F008B2B61 /* MyUser.swift */,
				C49812872535544F008B2B61 /* IMUIMessageCollectionView */,
			);
			path = SwiftFiles;
			sourceTree = "<group>";
		};
		C498127A2535544F008B2B61 /* IMUICommon */ = {
			isa = PBXGroup;
			children = (
				C498127B2535544F008B2B61 /* Extension */,
				C49812842535544F008B2B61 /* Controllers */,
			);
			path = IMUICommon;
			sourceTree = "<group>";
		};
		C498127B2535544F008B2B61 /* Extension */ = {
			isa = PBXGroup;
			children = (
				C498127C2535544F008B2B61 /* UIColorExtension.swift */,
				C498127D2535544F008B2B61 /* CMSampleBufferExtension.swift */,
				C498127E2535544F008B2B61 /* CIImageExtension.swift */,
				C498127F2535544F008B2B61 /* UIViewExtension.swift */,
				C49812802535544F008B2B61 /* CGRectExtension.swift */,
				C49812812535544F008B2B61 /* StringExtension.swift */,
				C49812822535544F008B2B61 /* UIImageExtension.swift */,
				C49812832535544F008B2B61 /* DateExtension.swift */,
			);
			path = Extension;
			sourceTree = "<group>";
		};
		C49812842535544F008B2B61 /* Controllers */ = {
			isa = PBXGroup;
			children = (
				C49812852535544F008B2B61 /* IMUIAudioPlayerHelper.swift */,
			);
			path = Controllers;
			sourceTree = "<group>";
		};
		C49812872535544F008B2B61 /* IMUIMessageCollectionView */ = {
			isa = PBXGroup;
			children = (
				C49812882535544F008B2B61 /* IMUI.h */,
				C49812892535544F008B2B61 /* Extension */,
				C498128C2535544F008B2B61 /* Layout */,
				C498128E2535544F008B2B61 /* Models */,
				C49812922535544F008B2B61 /* Protocol */,
				C49812992535544F008B2B61 /* Controllers */,
				C498129D2535544F008B2B61 /* Views */,
			);
			path = IMUIMessageCollectionView;
			sourceTree = "<group>";
		};
		C49812892535544F008B2B61 /* Extension */ = {
			isa = PBXGroup;
			children = (
				C498128A2535544F008B2B61 /* BundleMessageListExtension.swift */,
				C498128B2535544F008B2B61 /* UIImageMessageListExtension.swift */,
			);
			path = Extension;
			sourceTree = "<group>";
		};
		C498128C2535544F008B2B61 /* Layout */ = {
			isa = PBXGroup;
			children = (
				C498128D2535544F008B2B61 /* IMUIMessageCellLayout.swift */,
			);
			path = Layout;
			sourceTree = "<group>";
		};
		C498128E2535544F008B2B61 /* Models */ = {
			isa = PBXGroup;
			children = (
				C498128F2535544F008B2B61 /* IMUIMessageModel.swift */,
				C49812902535544F008B2B61 /* IMUIViewCache.swift */,
				C49812912535544F008B2B61 /* IMUIReuseViewCache.swift */,
			);
			path = Models;
			sourceTree = "<group>";
		};
		C49812922535544F008B2B61 /* Protocol */ = {
			isa = PBXGroup;
			children = (
				C49812932535544F008B2B61 /* IMUIUserProtocol.swift */,
				C49812942535544F008B2B61 /* IMUIMessageMessageCollectionViewDelegate.swift */,
				C49812952535544F008B2B61 /* IMUIMessageStatusViewProtocal.swift */,
				C49812962535544F008B2B61 /* IMUIMessageCellProtocal.swift */,
				C49812972535544F008B2B61 /* IMUIMessageCellLayoutProtocal.swift */,
				C49812982535544F008B2B61 /* IMUIMessageModelProtocol.swift */,
			);
			path = Protocol;
			sourceTree = "<group>";
		};
		C49812992535544F008B2B61 /* Controllers */ = {
			isa = PBXGroup;
			children = (
				C498129A2535544F008B2B61 /* IMUIChatDataManager.swift */,
				C498129B2535544F008B2B61 /* IMUIVideoFileLoader.swift */,
				C498129C2535544F008B2B61 /* IMUIChatLayout.swift */,
			);
			path = Controllers;
			sourceTree = "<group>";
		};
		C498129D2535544F008B2B61 /* Views */ = {
			isa = PBXGroup;
			children = (
				C4027C052536A72800D90893 /* IMUIMessageCollectionView.xib */,
				C498129E2535544F008B2B61 /* IMUIMessageStatusView.swift */,
				C498129F2535544F008B2B61 /* IMUIMessageCollectionView.swift */,
				C49812A02535544F008B2B61 /* IMUICustomMessageContentCell.swift */,
				C49812A12535544F008B2B61 /* IMUILocationMessageCell.swift */,
				C49812A22535544F008B2B61 /* IMUIMessageBubbleView.swift */,
				C49812A32535544F008B2B61 /* IMUITextView.swift */,
				C49812A42535544F008B2B61 /* IMUIBaseMessageHeadCell.swift */,
				C49812A52535544F008B2B61 /* IMUIRedPacketMessageCell.swift */,
				C49812A62535544F008B2B61 /* IMUICardMessageCell.swift */,
				C49812A72535544F008B2B61 /* IMUIVideoMessageCell.swift */,
				C49812A92535544F008B2B61 /* IMUITextMessageCell.swift */,
				C49812AA2535544F008B2B61 /* IMUIImageMessageCell.swift */,
				C49812AB2535544F008B2B61 /* IMUIVoiceMessageCell.swift */,
				C49812AC2535544F008B2B61 /* IMUITransferMessageCell.swift */,
				C49812AD2535544F008B2B61 /* IMUIUnKnownMessageCell.swift */,
				C49812AE2535544F008B2B61 /* IMUIRedPacketOpenMessageCell.swift */,
				C49812AF2535544F008B2B61 /* IMUIBaseMessageCell.swift */,
				C49812B02535544F008B2B61 /* IMUILiveVideoMessageCell.swift */,
				C49812B12535544F008B2B61 /* IMUINotificationMessageCell.swift */,
			);
			path = Views;
			sourceTree = "<group>";
		};
		C49812B42535544F008B2B61 /* RCT */ = {
			isa = PBXGroup;
			children = (
				C4027C022536A6ED00D90893 /* RCTMessageListView.xib */,
				C49812B62535544F008B2B61 /* RCTMessageListViewManager.m */,
				C49812B72535544F008B2B61 /* RCTMessageListView.m */,
				C49812B82535544F008B2B61 /* RCTAuroraIMUIModule.m */,
				C49812B92535544F008B2B61 /* RCTMessageListView.h */,
				C49812BA2535544F008B2B61 /* RCTAuroraIMUIModule.h */,
			);
			path = RCT;
			sourceTree = "<group>";
		};
		C49812BB2535544F008B2B61 /* Controller */ = {
			isa = PBXGroup;
			children = (
				C49812BC2535544F008B2B61 /* DWPlayVideoVC.h */,
				C49812BE2535544F008B2B61 /* DWPlayVideoVC.m */,
				C49812BF2535544F008B2B61 /* DWShowImageVC.h */,
				C49812BD2535544F008B2B61 /* DWShowImageVC.m */,
			);
			path = Controller;
			sourceTree = "<group>";
		};
		C49812C02535544F008B2B61 /* DWCustomView */ = {
			isa = PBXGroup;
			children = (
				C49812C52535544F008B2B61 /* DWActionSheetView.h */,
				C49812CF2535544F008B2B61 /* DWActionSheetView.m */,
				C49812CB2535544F008B2B61 /* DWOrigImageView.h */,
				C49812C12535544F008B2B61 /* DWOrigImageView.m */,
				C49812C22535544F008B2B61 /* DWOrigImgView.h */,
				C49812CA2535544F008B2B61 /* DWOrigImgView.m */,
				C49812C82535544F008B2B61 /* DWOrigScorllView.h */,
				C49812D22535544F008B2B61 /* DWOrigScorllView.m */,
				C49812CD2535544F008B2B61 /* DWRecoderCoveView.h */,
				C49812C72535544F008B2B61 /* DWRecoderCoveView.m */,
				C49812D02535544F008B2B61 /* RNCustomInputView.h */,
				C49812C42535544F008B2B61 /* RNCustomInputView.m */,
				C49812C92535544F008B2B61 /* RNRecordTipsView.h */,
				C49812D12535544F008B2B61 /* RNRecordTipsView.m */,
			);
			path = DWCustomView;
			sourceTree = "<group>";
		};
		C49812D32535544F008B2B61 /* Core */ = {
			isa = PBXGroup;
			children = (
				C434B7AB253588E700B92717 /* DWLabel */,
				C498135E253557AE008B2B61 /* MenuPopOverView.h */,
				C4981360253557AF008B2B61 /* MenuPopOverView.m */,
				C498135F253557AE008B2B61 /* MyCacheImageView.h */,
				C4981361253557AF008B2B61 /* MyCacheImageView.m */,
				C49812D42535544F008B2B61 /* OCBridgingHeader.h */,
				C49812D52535544F008B2B61 /* module.modulemap */,
			);
			path = Core;
			sourceTree = "<group>";
		};
/* End PBXGroup section */

/* Begin PBXHeadersBuildPhase section */
		C4981242253553EB008B2B61 /* Headers */ = {
			isa = PBXHeadersBuildPhase;
			buildActionMask = 2147483647;
			files = (
				C49813402535544F008B2B61 /* RNCustomInputView.h in Headers */,
				C4981363253557AF008B2B61 /* MyCacheImageView.h in Headers */,
				C498132C2535544F008B2B61 /* RCTAuroraIMUIModule.h in Headers */,
				C49813322535544F008B2B61 /* DWOrigImgView.h in Headers */,
				C4981362253557AF008B2B61 /* MenuPopOverView.h in Headers */,
				C434B7F1253588E700B92717 /* DWTextView.h in Headers */,
				C434B80E253588E700B92717 /* UIPasteboard+DWText.h in Headers */,
				C434B7E8253588E700B92717 /* DWTextSelectionView.h in Headers */,
				C434B7DE253588E700B92717 /* DWText.h in Headers */,
				C434B7F2253588E700B92717 /* DWTextEffectWindow.h in Headers */,
				C49812EB2535544F008B2B61 /* NIMInputEmoticonButton.h in Headers */,
				C49812E52535544F008B2B61 /* DWAudioRecorderManager.h in Headers */,
				C49812D62535544F008B2B61 /* NIMInputAtCache.h in Headers */,
				C434B7E5253588E700B92717 /* DWTextLine.h in Headers */,
				C434B7FB253588E700B92717 /* DWTextInput.h in Headers */,
				C49812E22535544F008B2B61 /* HPGrowingTextView.h in Headers */,
				C49813302535544F008B2B61 /* DWShowImageVC.h in Headers */,
				C49812E42535544F008B2B61 /* DWInputBarControl.h in Headers */,
				C434B7E6253588E700B92717 /* DWTextAttribute.h in Headers */,
				C434B801253588E700B92717 /* UIView+DWText.h in Headers */,
				C434B807253588E700B92717 /* DWTextAsyncLayer.h in Headers */,
				C434B7F7253588E700B92717 /* DWTextArchiver.h in Headers */,
				C434B7E4253588E700B92717 /* DWTextKeyboardManager.h in Headers */,
				C434B809253588E700B92717 /* NSParagraphStyle+DWText.h in Headers */,
				C49812DA2535544F008B2B61 /* UIView+Extend.h in Headers */,
				C49812F22535544F008B2B61 /* NSString+NIMKit.h in Headers */,
				C49813022535544F008B2B61 /* IMUI.h in Headers */,
				C434B803253588E700B92717 /* DWTextTransaction.h in Headers */,
				C434B80B253588E700B92717 /* NSAttributedString+DWText.h in Headers */,
				C49812E82535544F008B2B61 /* NIMInputEmoticonManager.h in Headers */,
				C434B7F8253588E700B92717 /* DWTextParser.h in Headers */,
				C49812EC2535544F008B2B61 /* NIMInputEmoticonContainerView.h in Headers */,
				C49812F62535544F008B2B61 /* UIImage+NIM.h in Headers */,
				C434B7F9253588E700B92717 /* DWTextRubyAnnotation.h in Headers */,
				C434B7ED253588E700B92717 /* DWTextDebugOption.h in Headers */,
				C498133B2535544F008B2B61 /* DWOrigImageView.h in Headers */,
				C49812E72535544F008B2B61 /* NIMPageView.h in Headers */,
				C49812F52535544F008B2B61 /* NIMInputEmoticonTabView.h in Headers */,
				C49812F02535544F008B2B61 /* NIMInputEmoticonParser.h in Headers */,
				C49812DF2535544F008B2B61 /* DWRecordButton.h in Headers */,
				C498124C253553EB008B2B61 /* RCTAuroraIMUI.h in Headers */,
				C434B7FC253588E700B92717 /* DWTextContainerView.h in Headers */,
				C49812D72535544F008B2B61 /* HPTextViewInternal.h in Headers */,
				C49812DB2535544F008B2B61 /* UIImage+DWImageColor.h in Headers */,
				C434B7F6253588E700B92717 /* DWTextRunDelegate.h in Headers */,
				C434B7FD253588E700B92717 /* DWLabel.h in Headers */,
				C434B7E1253588E700B92717 /* DWTextLayout.h in Headers */,
				C49813432535544F008B2B61 /* OCBridgingHeader.h in Headers */,
				C49813392535544F008B2B61 /* RNRecordTipsView.h in Headers */,
				C49813352535544F008B2B61 /* DWActionSheetView.h in Headers */,
				C434B806253588E700B92717 /* DWTextWeakProxy.h in Headers */,
				C49812F12535544F008B2B61 /* NIMInputEmoticonDefine.h in Headers */,
				C498133D2535544F008B2B61 /* DWRecoderCoveView.h in Headers */,
				C434B808253588E700B92717 /* DWTextUtilities.h in Headers */,
				C49813382535544F008B2B61 /* DWOrigScorllView.h in Headers */,
				C498132D2535544F008B2B61 /* DWPlayVideoVC.h in Headers */,
				C498132B2535544F008B2B61 /* RCTMessageListView.h in Headers */,
				C434B7EF253588E700B92717 /* DWTextMagnifier.h in Headers */,
			);
			runOnlyForDeploymentPostprocessing = 0;
		};
/* End PBXHeadersBuildPhase section */

/* Begin PBXNativeTarget section */
		C4981246253553EB008B2B61 /* RCTAuroraIMUI */ = {
			isa = PBXNativeTarget;
			buildConfigurationList = C498124F253553EB008B2B61 /* Build configuration list for PBXNativeTarget "RCTAuroraIMUI" */;
			buildPhases = (
				94683A2691F0910CB7237AF4 /* [CP] Check Pods Manifest.lock */,
				C4981242253553EB008B2B61 /* Headers */,
				C4981243253553EB008B2B61 /* Sources */,
				C4981244253553EB008B2B61 /* Frameworks */,
				C4981245253553EB008B2B61 /* Resources */,
			);
			buildRules = (
			);
			dependencies = (
			);
			name = RCTAuroraIMUI;
			productName = RCTAuroraIMUI;
			productReference = C4981247253553EB008B2B61 /* RCTAuroraIMUI.framework */;
			productType = "com.apple.product-type.framework";
		};
/* End PBXNativeTarget section */

/* Begin PBXProject section */
		C498123E253553EA008B2B61 /* Project object */ = {
			isa = PBXProject;
			attributes = {
				LastUpgradeCheck = 1200;
				TargetAttributes = {
					C4981246253553EB008B2B61 = {
						CreatedOnToolsVersion = 12.0;
					};
				};
			};
			buildConfigurationList = C4981241253553EA008B2B61 /* Build configuration list for PBXProject "RCTAuroraIMUI" */;
			compatibilityVersion = "Xcode 9.3";
			developmentRegion = en;
			hasScannedForEncodings = 0;
			knownRegions = (
				en,
				Base,
			);
			mainGroup = C498123D253553EA008B2B61;
			productRefGroup = C4981248253553EB008B2B61 /* Products */;
			projectDirPath = "";
			projectRoot = "";
			targets = (
				C4981246253553EB008B2B61 /* RCTAuroraIMUI */,
			);
		};
/* End PBXProject section */

/* Begin PBXResourcesBuildPhase section */
		C4981245253553EB008B2B61 /* Resources */ = {
			isa = PBXResourcesBuildPhase;
			buildActionMask = 2147483647;
			files = (
				C4027C062536A72800D90893 /* IMUIMessageCollectionView.xib in Resources */,
				C4027C032536A6ED00D90893 /* RCTMessageListView.xib in Resources */,
			);
			runOnlyForDeploymentPostprocessing = 0;
		};
/* End PBXResourcesBuildPhase section */

/* Begin PBXShellScriptBuildPhase section */
		94683A2691F0910CB7237AF4 /* [CP] Check Pods Manifest.lock */ = {
			isa = PBXShellScriptBuildPhase;
			buildActionMask = 2147483647;
			files = (
			);
			inputFileListPaths = (
			);
			inputPaths = (
				"${PODS_PODFILE_DIR_PATH}/Podfile.lock",
				"${PODS_ROOT}/Manifest.lock",
			);
			name = "[CP] Check Pods Manifest.lock";
			outputFileListPaths = (
			);
			outputPaths = (
				"$(DERIVED_FILE_DIR)/Pods-RCTAuroraIMUI-checkManifestLockResult.txt",
			);
			runOnlyForDeploymentPostprocessing = 0;
			shellPath = /bin/sh;
			shellScript = "diff \"${PODS_PODFILE_DIR_PATH}/Podfile.lock\" \"${PODS_ROOT}/Manifest.lock\" > /dev/null\nif [ $? != 0 ] ; then\n    # print error to STDERR\n    echo \"error: The sandbox is not in sync with the Podfile.lock. Run 'pod install' or update your CocoaPods installation.\" >&2\n    exit 1\nfi\n# This output is used by Xcode 'outputs' to avoid re-running this script phase.\necho \"SUCCESS\" > \"${SCRIPT_OUTPUT_FILE_0}\"\n";
			showEnvVarsInLog = 0;
		};
/* End PBXShellScriptBuildPhase section */

/* Begin PBXSourcesBuildPhase section */
		C4981243253553EB008B2B61 /* Sources */ = {
			isa = PBXSourcesBuildPhase;
			buildActionMask = 2147483647;
			files = (
				C49812F92535544F008B2B61 /* CMSampleBufferExtension.swift in Sources */,
				C434B7E2253588E700B92717 /* DWTextMagnifier.m in Sources */,
				C434B7EE253588E700B92717 /* DWTextContainerView.m in Sources */,
				C49813172535544F008B2B61 /* IMUITextView.swift in Sources */,
				C434B80A253588E700B92717 /* DWTextTransaction.m in Sources */,
				C49812E12535544F008B2B61 /* NIMInputAtCache.m in Sources */,
				C49813132535544F008B2B61 /* IMUIMessageCollectionView.swift in Sources */,
				C434B7FA253588E700B92717 /* DWTextSelectionView.m in Sources */,
				C49812F42535544F008B2B61 /* NIMInputEmoticonButton.m in Sources */,
				C49813252535544F008B2B61 /* IMUINotificationMessageCell.swift in Sources */,
				C49812F32535544F008B2B61 /* NIMInputEmoticonContainerView.m in Sources */,
				C49812E32535544F008B2B61 /* DWRecordButton.m in Sources */,
				C498130F2535544F008B2B61 /* IMUIChatDataManager.swift in Sources */,
				C49812E02535544F008B2B61 /* HPTextViewInternal.m in Sources */,
				C498130A2535544F008B2B61 /* IMUIMessageMessageCollectionViewDelegate.swift in Sources */,
				C498130C2535544F008B2B61 /* IMUIMessageCellProtocal.swift in Sources */,
				C49813032535544F008B2B61 /* BundleMessageListExtension.swift in Sources */,
				C49813312535544F008B2B61 /* DWOrigImageView.m in Sources */,
				C49812F82535544F008B2B61 /* UIColorExtension.swift in Sources */,
				C49813122535544F008B2B61 /* IMUIMessageStatusView.swift in Sources */,
				C49812DC2535544F008B2B61 /* HPGrowingTextView.m in Sources */,
				C434B7DF253588E700B92717 /* DWTextEffectWindow.m in Sources */,
				C49813232535544F008B2B61 /* IMUIBaseMessageCell.swift in Sources */,
				C434B7EC253588E700B92717 /* DWLabel.m in Sources */,
				C49813182535544F008B2B61 /* IMUIBaseMessageHeadCell.swift in Sources */,
				C49813422535544F008B2B61 /* DWOrigScorllView.m in Sources */,
				C434B802253588E700B92717 /* NSAttributedString+DWText.m in Sources */,
				C434B7EB253588E700B92717 /* DWTextParser.m in Sources */,
				C49812DD2535544F008B2B61 /* DWAudioRecorderManager.m in Sources */,
				C434B7E7253588E700B92717 /* DWTextInput.m in Sources */,
				C434B80D253588E700B92717 /* DWTextWeakProxy.m in Sources */,
				C49812EE2535544F008B2B61 /* NIMInputEmoticonManager.m in Sources */,
				C498130D2535544F008B2B61 /* IMUIMessageCellLayoutProtocal.swift in Sources */,
				C49813042535544F008B2B61 /* UIImageMessageListExtension.swift in Sources */,
				C49812D92535544F008B2B61 /* UIImage+DWImageColor.m in Sources */,
				C49813102535544F008B2B61 /* IMUIVideoFileLoader.swift in Sources */,
				C434B7F3253588E700B92717 /* DWTextAttribute.m in Sources */,
				C49812FF2535544F008B2B61 /* DateExtension.swift in Sources */,
				C49812D82535544F008B2B61 /* UIView+Extend.m in Sources */,
				C49812E62535544F008B2B61 /* NIMInputEmoticonParser.m in Sources */,
				C49812F72535544F008B2B61 /* MyMessageModel.swift in Sources */,
				C434B804253588E700B92717 /* NSParagraphStyle+DWText.m in Sources */,
				C434B800253588E700B92717 /* DWTextUtilities.m in Sources */,
				C434B7EA253588E700B92717 /* DWTextArchiver.m in Sources */,
				C49813412535544F008B2B61 /* RNRecordTipsView.m in Sources */,
				C498133A2535544F008B2B61 /* DWOrigImgView.m in Sources */,
				C49813072535544F008B2B61 /* IMUIViewCache.swift in Sources */,
				C4981364253557AF008B2B61 /* MenuPopOverView.m in Sources */,
				C498132A2535544F008B2B61 /* RCTAuroraIMUIModule.m in Sources */,
				C49812EA2535544F008B2B61 /* NIMInputEmoticonTabView.m in Sources */,
				C49813012535544F008B2B61 /* MyUser.swift in Sources */,
				C434B7FE253588E700B92717 /* DWTextDebugOption.m in Sources */,
				C434B7E9253588E700B92717 /* DWTextRubyAnnotation.m in Sources */,
				C498131F2535544F008B2B61 /* IMUIVoiceMessageCell.swift in Sources */,
				C49813202535544F008B2B61 /* IMUITransferMessageCell.swift in Sources */,
				C498131B2535544F008B2B61 /* IMUIVideoMessageCell.swift in Sources */,
				C49812EF2535544F008B2B61 /* NIMPageView.m in Sources */,
				C49813062535544F008B2B61 /* IMUIMessageModel.swift in Sources */,
				C49813282535544F008B2B61 /* RCTMessageListViewManager.m in Sources */,
				C4981365253557AF008B2B61 /* MyCacheImageView.m in Sources */,
				C49812E92535544F008B2B61 /* UIImage+NIM.m in Sources */,
				C434B7F4253588E700B92717 /* DWTextLine.m in Sources */,
				C49813342535544F008B2B61 /* RNCustomInputView.m in Sources */,
				C498130E2535544F008B2B61 /* IMUIMessageModelProtocol.swift in Sources */,
				C498133F2535544F008B2B61 /* DWActionSheetView.m in Sources */,
				C49812FA2535544F008B2B61 /* CIImageExtension.swift in Sources */,
				C49813222535544F008B2B61 /* IMUIRedPacketOpenMessageCell.swift in Sources */,
				C49813092535544F008B2B61 /* IMUIUserProtocol.swift in Sources */,
				C498131A2535544F008B2B61 /* IMUICardMessageCell.swift in Sources */,
				C434B7F5253588E700B92717 /* DWTextKeyboardManager.m in Sources */,
				C49813212535544F008B2B61 /* IMUIUnKnownMessageCell.swift in Sources */,
				C49813192535544F008B2B61 /* IMUIRedPacketMessageCell.swift in Sources */,
				C498131D2535544F008B2B61 /* IMUITextMessageCell.swift in Sources */,
				C498132E2535544F008B2B61 /* DWShowImageVC.m in Sources */,
				C49813372535544F008B2B61 /* DWRecoderCoveView.m in Sources */,
				C434B7E0253588E700B92717 /* DWTextView.m in Sources */,
				C498131E2535544F008B2B61 /* IMUIImageMessageCell.swift in Sources */,
				C49812FB2535544F008B2B61 /* UIViewExtension.swift in Sources */,
				C49813152535544F008B2B61 /* IMUILocationMessageCell.swift in Sources */,
				C434B7F0253588E700B92717 /* DWTextLayout.m in Sources */,
				C49812DE2535544F008B2B61 /* DWInputBarControl.m in Sources */,
				C434B80C253588E700B92717 /* UIView+DWText.m in Sources */,
				C49813292535544F008B2B61 /* RCTMessageListView.m in Sources */,
				C498132F2535544F008B2B61 /* DWPlayVideoVC.m in Sources */,
				C49813162535544F008B2B61 /* IMUIMessageBubbleView.swift in Sources */,
				C49813242535544F008B2B61 /* IMUILiveVideoMessageCell.swift in Sources */,
				C49812ED2535544F008B2B61 /* NSString+NIMKit.m in Sources */,
				C49812FD2535544F008B2B61 /* StringExtension.swift in Sources */,
				C434B805253588E700B92717 /* UIPasteboard+DWText.m in Sources */,
				C434B7FF253588E700B92717 /* DWTextAsyncLayer.m in Sources */,
				C49813112535544F008B2B61 /* IMUIChatLayout.swift in Sources */,
				C498130B2535544F008B2B61 /* IMUIMessageStatusViewProtocal.swift in Sources */,
				C49813002535544F008B2B61 /* IMUIAudioPlayerHelper.swift in Sources */,
				C49812FC2535544F008B2B61 /* CGRectExtension.swift in Sources */,
				C49813142535544F008B2B61 /* IMUICustomMessageContentCell.swift in Sources */,
				C49813082535544F008B2B61 /* IMUIReuseViewCache.swift in Sources */,
				C49812FE2535544F008B2B61 /* UIImageExtension.swift in Sources */,
				C434B7E3253588E700B92717 /* DWTextRunDelegate.m in Sources */,
				C49813052535544F008B2B61 /* IMUIMessageCellLayout.swift in Sources */,
			);
			runOnlyForDeploymentPostprocessing = 0;
		};
/* End PBXSourcesBuildPhase section */

/* Begin XCBuildConfiguration section */
		C498124D253553EB008B2B61 /* Debug */ = {
			isa = XCBuildConfiguration;
			buildSettings = {
				ALWAYS_SEARCH_USER_PATHS = NO;
				CLANG_ANALYZER_NONNULL = YES;
				CLANG_ANALYZER_NUMBER_OBJECT_CONVERSION = YES_AGGRESSIVE;
				CLANG_CXX_LANGUAGE_STANDARD = "gnu++14";
				CLANG_CXX_LIBRARY = "libc++";
				CLANG_ENABLE_MODULES = YES;
				CLANG_ENABLE_OBJC_ARC = YES;
				CLANG_ENABLE_OBJC_WEAK = YES;
				CLANG_WARN_BLOCK_CAPTURE_AUTORELEASING = YES;
				CLANG_WARN_BOOL_CONVERSION = YES;
				CLANG_WARN_COMMA = YES;
				CLANG_WARN_CONSTANT_CONVERSION = YES;
				CLANG_WARN_DEPRECATED_OBJC_IMPLEMENTATIONS = YES;
				CLANG_WARN_DIRECT_OBJC_ISA_USAGE = YES_ERROR;
				CLANG_WARN_DOCUMENTATION_COMMENTS = YES;
				CLANG_WARN_EMPTY_BODY = YES;
				CLANG_WARN_ENUM_CONVERSION = YES;
				CLANG_WARN_INFINITE_RECURSION = YES;
				CLANG_WARN_INT_CONVERSION = YES;
				CLANG_WARN_NON_LITERAL_NULL_CONVERSION = YES;
				CLANG_WARN_OBJC_IMPLICIT_RETAIN_SELF = YES;
				CLANG_WARN_OBJC_LITERAL_CONVERSION = YES;
				CLANG_WARN_OBJC_ROOT_CLASS = YES_ERROR;
				CLANG_WARN_QUOTED_INCLUDE_IN_FRAMEWORK_HEADER = YES;
				CLANG_WARN_RANGE_LOOP_ANALYSIS = YES;
				CLANG_WARN_STRICT_PROTOTYPES = YES;
				CLANG_WARN_SUSPICIOUS_MOVE = YES;
				CLANG_WARN_UNGUARDED_AVAILABILITY = YES_AGGRESSIVE;
				CLANG_WARN_UNREACHABLE_CODE = YES;
				CLANG_WARN__DUPLICATE_METHOD_MATCH = YES;
				COPY_PHASE_STRIP = NO;
				CURRENT_PROJECT_VERSION = 1;
				DEBUG_INFORMATION_FORMAT = dwarf;
				ENABLE_STRICT_OBJC_MSGSEND = YES;
				ENABLE_TESTABILITY = YES;
				GCC_C_LANGUAGE_STANDARD = gnu11;
				GCC_DYNAMIC_NO_PIC = NO;
				GCC_NO_COMMON_BLOCKS = YES;
				GCC_OPTIMIZATION_LEVEL = 0;
				GCC_PREPROCESSOR_DEFINITIONS = (
					"DEBUG=1",
					"$(inherited)",
				);
				GCC_WARN_64_TO_32_BIT_CONVERSION = YES;
				GCC_WARN_ABOUT_RETURN_TYPE = YES_ERROR;
				GCC_WARN_UNDECLARED_SELECTOR = YES;
				GCC_WARN_UNINITIALIZED_AUTOS = YES_AGGRESSIVE;
				GCC_WARN_UNUSED_FUNCTION = YES;
				GCC_WARN_UNUSED_VARIABLE = YES;
				IPHONEOS_DEPLOYMENT_TARGET = 9.0;
				MTL_ENABLE_DEBUG_INFO = INCLUDE_SOURCE;
				MTL_FAST_MATH = YES;
				ONLY_ACTIVE_ARCH = YES;
				SDKROOT = iphoneos;
				VERSIONING_SYSTEM = "apple-generic";
				VERSION_INFO_PREFIX = "";
			};
			name = Debug;
		};
		C498124E253553EB008B2B61 /* Release */ = {
			isa = XCBuildConfiguration;
			buildSettings = {
				ALWAYS_SEARCH_USER_PATHS = NO;
				CLANG_ANALYZER_NONNULL = YES;
				CLANG_ANALYZER_NUMBER_OBJECT_CONVERSION = YES_AGGRESSIVE;
				CLANG_CXX_LANGUAGE_STANDARD = "gnu++14";
				CLANG_CXX_LIBRARY = "libc++";
				CLANG_ENABLE_MODULES = YES;
				CLANG_ENABLE_OBJC_ARC = YES;
				CLANG_ENABLE_OBJC_WEAK = YES;
				CLANG_WARN_BLOCK_CAPTURE_AUTORELEASING = YES;
				CLANG_WARN_BOOL_CONVERSION = YES;
				CLANG_WARN_COMMA = YES;
				CLANG_WARN_CONSTANT_CONVERSION = YES;
				CLANG_WARN_DEPRECATED_OBJC_IMPLEMENTATIONS = YES;
				CLANG_WARN_DIRECT_OBJC_ISA_USAGE = YES_ERROR;
				CLANG_WARN_DOCUMENTATION_COMMENTS = YES;
				CLANG_WARN_EMPTY_BODY = YES;
				CLANG_WARN_ENUM_CONVERSION = YES;
				CLANG_WARN_INFINITE_RECURSION = YES;
				CLANG_WARN_INT_CONVERSION = YES;
				CLANG_WARN_NON_LITERAL_NULL_CONVERSION = YES;
				CLANG_WARN_OBJC_IMPLICIT_RETAIN_SELF = YES;
				CLANG_WARN_OBJC_LITERAL_CONVERSION = YES;
				CLANG_WARN_OBJC_ROOT_CLASS = YES_ERROR;
				CLANG_WARN_QUOTED_INCLUDE_IN_FRAMEWORK_HEADER = YES;
				CLANG_WARN_RANGE_LOOP_ANALYSIS = YES;
				CLANG_WARN_STRICT_PROTOTYPES = YES;
				CLANG_WARN_SUSPICIOUS_MOVE = YES;
				CLANG_WARN_UNGUARDED_AVAILABILITY = YES_AGGRESSIVE;
				CLANG_WARN_UNREACHABLE_CODE = YES;
				CLANG_WARN__DUPLICATE_METHOD_MATCH = YES;
				COPY_PHASE_STRIP = NO;
				CURRENT_PROJECT_VERSION = 1;
				DEBUG_INFORMATION_FORMAT = "dwarf-with-dsym";
				ENABLE_NS_ASSERTIONS = NO;
				ENABLE_STRICT_OBJC_MSGSEND = YES;
				GCC_C_LANGUAGE_STANDARD = gnu11;
				GCC_NO_COMMON_BLOCKS = YES;
				GCC_WARN_64_TO_32_BIT_CONVERSION = YES;
				GCC_WARN_ABOUT_RETURN_TYPE = YES_ERROR;
				GCC_WARN_UNDECLARED_SELECTOR = YES;
				GCC_WARN_UNINITIALIZED_AUTOS = YES_AGGRESSIVE;
				GCC_WARN_UNUSED_FUNCTION = YES;
				GCC_WARN_UNUSED_VARIABLE = YES;
				IPHONEOS_DEPLOYMENT_TARGET = 9.0;
				MTL_ENABLE_DEBUG_INFO = NO;
				MTL_FAST_MATH = YES;
				SDKROOT = iphoneos;
				VALIDATE_PRODUCT = YES;
				VERSIONING_SYSTEM = "apple-generic";
				VERSION_INFO_PREFIX = "";
			};
			name = Release;
		};
		C4981250253553EB008B2B61 /* Debug */ = {
			isa = XCBuildConfiguration;
			baseConfigurationReference = 6ADCA3590CE27D3398E86EE3 /* Pods-RCTAuroraIMUI.debug.xcconfig */;
			buildSettings = {
				CODE_SIGN_STYLE = Automatic;
				DEFINES_MODULE = YES;
				DYLIB_COMPATIBILITY_VERSION = 1;
				DYLIB_CURRENT_VERSION = 1;
				DYLIB_INSTALL_NAME_BASE = "@rpath";
				INFOPLIST_FILE = RCTAuroraIMUI/Info.plist;
				INSTALL_PATH = "$(LOCAL_LIBRARY_DIR)/Frameworks";
				IPHONEOS_DEPLOYMENT_TARGET = 9.0;
				LD_RUNPATH_SEARCH_PATHS = (
					"$(inherited)",
					"@executable_path/Frameworks",
					"@loader_path/Frameworks",
				);
				MACH_O_TYPE = staticlib;
				PRODUCT_BUNDLE_IDENTIFIER = com.ysf.AuroraIMUI.RCTAuroraIMUI;
				PRODUCT_NAME = "$(TARGET_NAME:c99extidentifier)";
				SKIP_INSTALL = YES;
				SUPPORTS_MACCATALYST = NO;
				SWIFT_INCLUDE_PATHS = "$(SRCROOT)/RCTAuroraIMUI/Core/";
				SWIFT_OBJC_INTERFACE_HEADER_NAME = "$(SWIFT_MODULE_NAME)-Swift.h";
				SWIFT_VERSION = 5.0;
				TARGETED_DEVICE_FAMILY = "1,2";
			};
			name = Debug;
		};
		C4981251253553EB008B2B61 /* Release */ = {
			isa = XCBuildConfiguration;
			baseConfigurationReference = 3666DCC7238404DCD7B9D5FE /* Pods-RCTAuroraIMUI.release.xcconfig */;
			buildSettings = {
				CODE_SIGN_STYLE = Automatic;
				DEFINES_MODULE = YES;
				DYLIB_COMPATIBILITY_VERSION = 1;
				DYLIB_CURRENT_VERSION = 1;
				DYLIB_INSTALL_NAME_BASE = "@rpath";
				INFOPLIST_FILE = RCTAuroraIMUI/Info.plist;
				INSTALL_PATH = "$(LOCAL_LIBRARY_DIR)/Frameworks";
				IPHONEOS_DEPLOYMENT_TARGET = 9.0;
				LD_RUNPATH_SEARCH_PATHS = (
					"$(inherited)",
					"@executable_path/Frameworks",
					"@loader_path/Frameworks",
				);
				MACH_O_TYPE = staticlib;
				PRODUCT_BUNDLE_IDENTIFIER = com.ysf.AuroraIMUI.RCTAuroraIMUI;
				PRODUCT_NAME = "$(TARGET_NAME:c99extidentifier)";
				SKIP_INSTALL = YES;
				SUPPORTS_MACCATALYST = NO;
				SWIFT_INCLUDE_PATHS = "$(SRCROOT)/RCTAuroraIMUI/Core/";
				SWIFT_OBJC_INTERFACE_HEADER_NAME = "$(SWIFT_MODULE_NAME)-Swift.h";
				SWIFT_VERSION = 5.0;
				TARGETED_DEVICE_FAMILY = "1,2";
			};
			name = Release;
		};
/* End XCBuildConfiguration section */

/* Begin XCConfigurationList section */
		C4981241253553EA008B2B61 /* Build configuration list for PBXProject "RCTAuroraIMUI" */ = {
			isa = XCConfigurationList;
			buildConfigurations = (
				C498124D253553EB008B2B61 /* Debug */,
				C498124E253553EB008B2B61 /* Release */,
			);
			defaultConfigurationIsVisible = 0;
			defaultConfigurationName = Release;
		};
		C498124F253553EB008B2B61 /* Build configuration list for PBXNativeTarget "RCTAuroraIMUI" */ = {
			isa = XCConfigurationList;
			buildConfigurations = (
				C4981250253553EB008B2B61 /* Debug */,
				C4981251253553EB008B2B61 /* Release */,
			);
			defaultConfigurationIsVisible = 0;
			defaultConfigurationName = Release;
		};
/* End XCConfigurationList section */
	};
	rootObject = C498123E253553EA008B2B61 /* Project object */;
}
